<?xml version="1.0" encoding="utf-8"?>
<Project ToolsVersion="4.0" xmlns="http://schemas.microsoft.com/developer/msbuild/2003">
  <ItemGroup>
    <Filter Include="Source Files">
      <UniqueIdentifier>{bdb6bb90-1e19-4c00-b142-278dd14173d3}</UniqueIdentifier>
      <Extensions>cpp;c;cxx;rc;def;r;odl;idl;hpj;bat</Extensions>
    </Filter>
    <Filter Include="Header Files">
      <UniqueIdentifier>{0be88ce6-dc20-4a81-b09d-5dbff09aad97}</UniqueIdentifier>
      <Extensions>h;hpp;hxx;hm;inl</Extensions>
    </Filter>
    <Filter Include="Resource Files">
      <UniqueIdentifier>{809e889f-3038-4f78-90c7-a123d4b43e9b}</UniqueIdentifier>
      <Extensions>ico;cur;bmp;dlg;rc2;rct;bin;rgs;gif;jpg;jpeg;jpe</Extensions>
    </Filter>
    <Filter Include="Library Files">
      <UniqueIdentifier>{3d280ca4-e68d-405b-bf35-fc952597c8ca}</UniqueIdentifier>
      <Extensions>lib</Extensions>
    </Filter>
  </ItemGroup>
  <ItemGroup>
    <ClCompile Include="ApplyProfiles.cpp">
      <Filter>Source Files</Filter>
    </ClCompile>
    <ClCompile Include="ApplyProfilesDlg.cpp">
      <Filter>Source Files</Filter>
    </ClCompile>
    <ClCompile Include="ApplyStatusDlg.cpp">
      <Filter>Source Files</Filter>
    </ClCompile>
    <ClCompile Include="StdAfx.cpp">
      <Filter>Source Files</Filter>
    </ClCompile>
    <ClCompile Include="TiffImg.cpp">
      <Filter>Source Files</Filter>
    </ClCompile>
  </ItemGroup>
  <ItemGroup>
    <ResourceCompile Include="ApplyProfiles.rc">
      <Filter>Source Files</Filter>
    </ResourceCompile>
  </ItemGroup>
  <ItemGroup>
    <ClInclude Include="ApplyProfiles.h">
      <Filter>Header Files</Filter>
    </ClInclude>
    <ClInclude Include="ApplyProfilesDlg.h">
      <Filter>Header Files</Filter>
    </ClInclude>
    <ClInclude Include="ApplyStatusDlg.h">
      <Filter>Header Files</Filter>
    </ClInclude>
    <ClInclude Include="..\..\..\VisualStudio\VC98\Include\BASETSD.H">
      <Filter>Header Files</Filter>
    </ClInclude>
    <ClInclude Include="..\..\..\IccProfLib\IccCmm.h">
      <Filter>Header Files</Filter>
    </ClInclude>
    <ClInclude Include="Resource.h">
      <Filter>Header Files</Filter>
    </ClInclude>
    <ClInclude Include="StdAfx.h">
      <Filter>Header Files</Filter>
    </ClInclude>
    <ClInclude Include="..\..\..\libtiff\include\tiff.h">
      <Filter>Header Files</Filter>
    </ClInclude>
    <ClInclude Include="TiffImg.h">
      <Filter>Header Files</Filter>
    </ClInclude>
    <ClInclude Include="..\..\..\libtiff\include\tiffio.h">
      <Filter>Header Files</Filter>
    </ClInclude>
    <ClInclude Include="..\..\..\libtiff\include\tiffvers.h">
      <Filter>Header Files</Filter>
    </ClInclude>
  </ItemGroup>
  <ItemGroup>
    <Image Include="res\ApplyProfiles.ico">
      <Filter>Resource Files</Filter>
    </Image>
    <Image Include="res\ProfileDump.ico">
      <Filter>Resource Files</Filter>
    </Image>
  </ItemGroup>
  <ItemGroup>
    <None Include="res\ApplyProfiles.rc2">
      <Filter>Resource Files</Filter>
    </None>
  </ItemGroup>
  <ItemGroup>
    <Text Include="ReadMe.txt" />
  </ItemGroup>
  <ItemGroup>
    <CustomBuild Include="..\BuildLibTiff\Debug\dlibtiff.lib">
      <Filter>Library Files</Filter>
    </CustomBuild>
    <CustomBuild Include="..\..\..\IccProfLib\Debug\IccProfLib.lib">
      <Filter>Library Files</Filter>
    </CustomBuild>
    <CustomBuild Include="..\..\..\IccProfLib\Release\IccProfLib.lib">
      <Filter>Library Files</Filter>
    </CustomBuild>
    <CustomBuild Include="..\BuildLibTiff\Release\libtiff.lib">
      <Filter>Library Files</Filter>
    </CustomBuild>
  </ItemGroup>
</Project>