<?xml version="1.0" encoding="utf-8"?>
<Project ToolsVersion="4.0" xmlns="http://schemas.microsoft.com/developer/msbuild/2003">
  <ItemGroup>
    <Filter Include="Source Files">
      <UniqueIdentifier>{217135b1-3de5-4e6c-8004-ab5c48ceafbb}</UniqueIdentifier>
      <Extensions>cpp;c;cxx;rc;def;r;odl;idl;hpj;bat</Extensions>
    </Filter>
    <Filter Include="Header Files">
      <UniqueIdentifier>{fc6cdd92-1e56-42dd-aa62-4c4e1cf0749d}</UniqueIdentifier>
      <Extensions>h;hpp;hxx;hm;inl</Extensions>
    </Filter>
    <Filter Include="Resource Files">
      <UniqueIdentifier>{51ae4084-b91c-4d05-81af-69f31e1edd71}</UniqueIdentifier>
      <Extensions>ico;cur;bmp;dlg;rc2;rct;bin;rgs;gif;jpg;jpeg;jpe</Extensions>
    </Filter>
    <Filter Include="Library Files">
      <UniqueIdentifier>{834b2257-b692-4a27-8dd1-ec0e4317333b}</UniqueIdentifier>
      <Extensions>lib</Extensions>
    </Filter>
  </ItemGroup>
  <ItemGroup>
    <ClCompile Include="ApplyProfiles.cpp">
      <Filter>Source Files</Filter>
    </ClCompile>
    <ClCompile Include="ApplyProfilesDlg.cpp">
      <Filter>Source Files</Filter>
    </ClCompile>
    <ClCompile Include="ApplyStatusDlg.cpp">
      <Filter>Source Files</Filter>
    </ClCompile>
    <ClCompile Include="StdAfx.cpp">
      <Filter>Source Files</Filter>
    </ClCompile>
    <ClCompile Include="TiffImg.cpp">
      <Filter>Source Files</Filter>
    </ClCompile>
  </ItemGroup>
  <ItemGroup>
    <ResourceCompile Include="ApplyProfiles.rc">
      <Filter>Source Files</Filter>
    </ResourceCompile>
  </ItemGroup>
  <ItemGroup>
    <ClInclude Include="ApplyProfiles.h">
      <Filter>Header Files</Filter>
    </ClInclude>
    <ClInclude Include="ApplyProfilesDlg.h">
      <Filter>Header Files</Filter>
    </ClInclude>
    <ClInclude Include="ApplyStatusDlg.h">
      <Filter>Header Files</Filter>
    </ClInclude>
    <ClInclude Include="..\..\..\VisualStudio\VC98\Include\BASETSD.H">
      <Filter>Header Files</Filter>
    </ClInclude>
    <ClInclude Include="..\..\..\IccProfLib\IccCmm.h">
      <Filter>Header Files</Filter>
    </ClInclude>
    <ClInclude Include="Resource.h">
      <Filter>Header Files</Filter>
    </ClInclude>
    <ClInclude Include="StdAfx.h">
      <Filter>Header Files</Filter>
    </ClInclude>
    <ClInclude Include="..\..\..\libtiff\include\tiff.h">
      <Filter>Header Files</Filter>
    </ClInclude>
    <ClInclude Include="TiffImg.h">
      <Filter>Header Files</Filter>
    </ClInclude>
    <ClInclude Include="..\..\..\libtiff\include\tiffio.h">
      <Filter>Header Files</Filter>
    </ClInclude>
    <ClInclude Include="..\..\..\libtiff\include\tiffvers.h">
      <Filter>Header Files</Filter>
    </ClInclude>
  </ItemGroup>
  <ItemGroup>
    <Image Include="res\ApplyProfiles.ico">
      <Filter>Resource Files</Filter>
    </Image>
    <Image Include="res\ProfileDump.ico">
      <Filter>Resource Files</Filter>
    </Image>
  </ItemGroup>
  <ItemGroup>
    <None Include="res\ApplyProfiles.rc2">
      <Filter>Resource Files</Filter>
    </None>
  </ItemGroup>
  <ItemGroup>
    <Text Include="ReadMe.txt" />
  </ItemGroup>
  <ItemGroup>
    <CustomBuild Include="..\BuildLibTiff\Debug\dlibtiff.lib">
      <Filter>Library Files</Filter>
    </CustomBuild>
    <CustomBuild Include="..\..\..\IccProfLib\Release\IccProfLib.lib">
      <Filter>Library Files</Filter>
    </CustomBuild>
    <CustomBuild Include="..\..\..\IccProfLib\Debug\IccProfLib.lib">
      <Filter>Library Files</Filter>
    </CustomBuild>
    <CustomBuild Include="..\BuildLibTiff\Release\libtiff.lib">
      <Filter>Library Files</Filter>
    </CustomBuild>
  </ItemGroup>
</Project>