<?xml version="1.0" encoding="Windows-1252"?>
<Project ToolsVersion="4.0" xmlns="http://schemas.microsoft.com/developer/msbuild/2003">
  <ItemGroup>
    <ClCompile Include="compareB44.cpp">
      <Filter>Source Files</Filter>
    </ClCompile>
    <ClCompile Include="compareDwa.cpp">
      <Filter>Source Files</Filter>
    </ClCompile>
    <ClCompile Include="compareFloat.cpp">
      <Filter>Source Files</Filter>
    </ClCompile>
    <ClCompile Include="main.cpp">
      <Filter>Source Files</Filter>
    </ClCompile>
    <ClCompile Include="testAttributes.cpp">
      <Filter>Source Files</Filter>
    </ClCompile>
    <ClCompile Include="testBackwardCompatibility.cpp">
      <Filter>Source Files</Filter>
    </ClCompile>
    <ClCompile Include="testBadTypeAttributes.cpp">
      <Filter>Source Files</Filter>
    </ClCompile>
    <ClCompile Include="testChannels.cpp">
      <Filter>Source Files</Filter>
    </ClCompile>
    <ClCompile Include="testCompositeDeepScanLine.cpp">
      <Filter>Source Files</Filter>
    </ClCompile>
    <ClCompile Include="testCompression.cpp">
      <Filter>Source Files</Filter>
    </ClCompile>
    <ClCompile Include="testConversion.cpp">
      <Filter>Source Files</Filter>
    </ClCompile>
    <ClCompile Include="testCopyDeepScanLine.cpp">
      <Filter>Source Files</Filter>
    </ClCompile>
    <ClCompile Include="testCopyDeepTiled.cpp">
      <Filter>Source Files</Filter>
    </ClCompile>
    <ClCompile Include="testCopyMultiPartFile.cpp">
      <Filter>Source Files</Filter>
    </ClCompile>
    <ClCompile Include="testCopyPixels.cpp">
      <Filter>Source Files</Filter>
    </ClCompile>
    <ClCompile Include="testCustomAttributes.cpp">
      <Filter>Source Files</Filter>
    </ClCompile>
    <ClCompile Include="testDeepScanLineBasic.cpp">
      <Filter>Source Files</Filter>
    </ClCompile>
    <ClCompile Include="testDeepScanLineHuge.cpp">
      <Filter>Source Files</Filter>
    </ClCompile>
    <ClCompile Include="testDeepScanLineMultipleRead.cpp">
      <Filter>Source Files</Filter>
    </ClCompile>
    <ClCompile Include="testDeepTiledBasic.cpp">
      <Filter>Source Files</Filter>
    </ClCompile>
    <ClCompile Include="testDwaCompressorSimd.cpp">
      <Filter>Source Files</Filter>
    </ClCompile>
    <ClCompile Include="testExistingStreams.cpp">
      <Filter>Source Files</Filter>
    </ClCompile>
    <ClCompile Include="testFutureProofing.cpp">
      <Filter>Source Files</Filter>
    </ClCompile>
    <ClCompile Include="testHuf.cpp">
      <Filter>Source Files</Filter>
    </ClCompile>
    <ClCompile Include="testInputPart.cpp">
      <Filter>Source Files</Filter>
    </ClCompile>
    <ClCompile Include="testIsComplete.cpp">
      <Filter>Source Files</Filter>
    </ClCompile>
    <ClCompile Include="testLineOrder.cpp">
      <Filter>Source Files</Filter>
    </ClCompile>
    <ClCompile Include="testLut.cpp">
      <Filter>Source Files</Filter>
    </ClCompile>
    <ClCompile Include="testMagic.cpp">
      <Filter>Source Files</Filter>
    </ClCompile>
    <ClCompile Include="testMultiPartApi.cpp">
      <Filter>Source Files</Filter>
    </ClCompile>
    <ClCompile Include="testMultiPartFileMixingBasic.cpp">
      <Filter>Source Files</Filter>
    </ClCompile>
    <ClCompile Include="testMultiPartSharedAttributes.cpp">
      <Filter>Source Files</Filter>
    </ClCompile>
    <ClCompile Include="testMultiPartThreading.cpp">
      <Filter>Source Files</Filter>
    </ClCompile>
    <ClCompile Include="testMultiScanlinePartThreading.cpp">
      <Filter>Source Files</Filter>
    </ClCompile>
    <ClCompile Include="testMultiTiledPartThreading.cpp">
      <Filter>Source Files</Filter>
    </ClCompile>
    <ClCompile Include="testMultiView.cpp">
      <Filter>Source Files</Filter>
    </ClCompile>
    <ClCompile Include="testNativeFormat.cpp">
      <Filter>Source Files</Filter>
    </ClCompile>
    <ClCompile Include="testOptimized.cpp">
      <Filter>Source Files</Filter>
    </ClCompile>
    <ClCompile Include="testOptimizedInterleavePatterns.cpp">
      <Filter>Source Files</Filter>
    </ClCompile>
    <ClCompile Include="testPartHelper.cpp">
      <Filter>Source Files</Filter>
    </ClCompile>
    <ClCompile Include="testPreviewImage.cpp">
      <Filter>Source Files</Filter>
    </ClCompile>
    <ClCompile Include="testRgba.cpp">
      <Filter>Source Files</Filter>
    </ClCompile>
    <ClCompile Include="testRgbaThreading.cpp">
      <Filter>Source Files</Filter>
    </ClCompile>
    <ClCompile Include="testRle.cpp">
      <Filter>Source Files</Filter>
    </ClCompile>
    <ClCompile Include="testSampleImages.cpp">
      <Filter>Source Files</Filter>
    </ClCompile>
    <ClCompile Include="testScanLineApi.cpp">
      <Filter>Source Files</Filter>
    </ClCompile>
    <ClCompile Include="testSharedFrameBuffer.cpp">
      <Filter>Source Files</Filter>
    </ClCompile>
    <ClCompile Include="testStandardAttributes.cpp">
      <Filter>Source Files</Filter>
    </ClCompile>
    <ClCompile Include="testTiledCompression.cpp">
      <Filter>Source Files</Filter>
    </ClCompile>
    <ClCompile Include="testTiledCopyPixels.cpp">
      <Filter>Source Files</Filter>
    </ClCompile>
    <ClCompile Include="testTiledLineOrder.cpp">
      <Filter>Source Files</Filter>
    </ClCompile>
    <ClCompile Include="testTiledRgba.cpp">
      <Filter>Source Files</Filter>
    </ClCompile>
    <ClCompile Include="testTiledYa.cpp">
      <Filter>Source Files</Filter>
    </ClCompile>
    <ClCompile Include="testWav.cpp">
      <Filter>Source Files</Filter>
    </ClCompile>
    <ClCompile Include="testXdr.cpp">
      <Filter>Source Files</Filter>
    </ClCompile>
    <ClCompile Include="testYca.cpp">
      <Filter>Source Files</Filter>
    </ClCompile>
  </ItemGroup>
  <ItemGroup>
    <CustomBuild Include="CMakeLists.txt" />
  </ItemGroup>
  <ItemGroup>
    <Filter Include="Source Files">
      <UniqueIdentifier>{AAE55134-295D-4061-9011-6745D41960A1}</UniqueIdentifier>
    </Filter>
  </ItemGroup>
</Project>
