Microsoft Visual Studio Solution File, Format Version 11.00
# Visual C++ Express 2010
Project("{8BC9CEB8-8B4A-11D0-8D11-00A0C91BC942}") = "ALL_BUILD", "ALL_BUILD.vcxproj", "{9E1D84F7-6004-4701-BE78-8CE4633FA8BB}"
	ProjectSection(ProjectDependencies) = postProject
		{20F91A55-48A1-4B0E-B059-EECB5B2206E7} = {20F91A55-48A1-4B0E-B059-EECB5B2206E7}
		{A0513634-D2B9-497A-A3A5-2CE6BD35A359} = {A0513634-D2B9-497A-A3A5-2CE6BD35A359}
		{93A8A248-A327-40C7-926D-171BCF4A2E92} = {93A8A248-A327-40C7-926D-171BCF4A2E92}
		{56DC0F39-4E24-47F8-BD97-02B4BA73F4AE} = {56DC0F39-4E24-47F8-BD97-02B4BA73F4AE}
		{FAA1C803-817B-4C2F-952C-21E1DCA71101} = {FAA1C803-817B-4C2F-952C-21E1DCA71101}
		{010EB7BD-4E7B-4AC7-BDD4-4DAE2FBCA141} = {010EB7BD-4E7B-4AC7-BDD4-4DAE2FBCA141}
		{3572FADA-7EDC-4078-974E-C031C0F80100} = {3572FADA-7EDC-4078-974E-C031C0F80100}
		{5C6D39DF-758F-4DBD-9035-2EC5BC75A929} = {5C6D39DF-758F-4DBD-9035-2EC5BC75A929}
		{3898EAEA-28E9-4F24-918C-8046D8009C1A} = {3898EAEA-28E9-4F24-918C-8046D8009C1A}
		{B89E9806-E62E-45D3-9154-713C036FA9A1} = {B89E9806-E62E-45D3-9154-713C036FA9A1}
		{614456E3-A19B-4B18-8F8A-02B669E7705B} = {614456E3-A19B-4B18-8F8A-02B669E7705B}
		{F264635C-B95C-45A8-B85C-C3FD686A3CC3} = {F264635C-B95C-45A8-B85C-C3FD686A3CC3}
		{2BAB2024-2CBE-4F9B-922C-3F6109E7F59D} = {2BAB2024-2CBE-4F9B-922C-3F6109E7F59D}
		{225AFBFE-2703-493F-AB1A-D70FE79FBC03} = {225AFBFE-2703-493F-AB1A-D70FE79FBC03}
		{7E3E057F-A354-40E9-B927-C24E628D204E} = {7E3E057F-A354-40E9-B927-C24E628D204E}
		{24BD111C-833B-4253-B5E2-107C9E4CBA4E} = {24BD111C-833B-4253-B5E2-107C9E4CBA4E}
	EndProjectSection
EndProject
Project("{8BC9CEB8-8B4A-11D0-8D11-00A0C91BC942}") = "INSTALL", "INSTALL.vcxproj", "{51DD688D-41D9-48AC-9A82-9FDF46E435BD}"
	ProjectSection(ProjectDependencies) = postProject
		{9E1D84F7-6004-4701-BE78-8CE4633FA8BB} = {9E1D84F7-6004-4701-BE78-8CE4633FA8BB}
	EndProjectSection
EndProject
Project("{8BC9CEB8-8B4A-11D0-8D11-00A0C91BC942}") = "IlmImf", "IlmImf\IlmImf.vcxproj", "{20F91A55-48A1-4B0E-B059-EECB5B2206E7}"
	ProjectSection(ProjectDependencies) = postProject
		{3572FADA-7EDC-4078-974E-C031C0F80100} = {3572FADA-7EDC-4078-974E-C031C0F80100}
		{5C6D39DF-758F-4DBD-9035-2EC5BC75A929} = {5C6D39DF-758F-4DBD-9035-2EC5BC75A929}
		{3898EAEA-28E9-4F24-918C-8046D8009C1A} = {3898EAEA-28E9-4F24-918C-8046D8009C1A}
	EndProjectSection
EndProject
Project("{8BC9CEB8-8B4A-11D0-8D11-00A0C91BC942}") = "IlmImfExamples", "IlmImfExamples\IlmImfExamples.vcxproj", "{A0513634-D2B9-497A-A3A5-2CE6BD35A359}"
	ProjectSection(ProjectDependencies) = postProject
		{20F91A55-48A1-4B0E-B059-EECB5B2206E7} = {20F91A55-48A1-4B0E-B059-EECB5B2206E7}
		{3572FADA-7EDC-4078-974E-C031C0F80100} = {3572FADA-7EDC-4078-974E-C031C0F80100}
	EndProjectSection
EndProject
Project("{8BC9CEB8-8B4A-11D0-8D11-00A0C91BC942}") = "IlmImfFuzzTest", "IlmImfFuzzTest\IlmImfFuzzTest.vcxproj", "{93A8A248-A327-40C7-926D-171BCF4A2E92}"
	ProjectSection(ProjectDependencies) = postProject
		{20F91A55-48A1-4B0E-B059-EECB5B2206E7} = {20F91A55-48A1-4B0E-B059-EECB5B2206E7}
		{3572FADA-7EDC-4078-974E-C031C0F80100} = {3572FADA-7EDC-4078-974E-C031C0F80100}
	EndProjectSection
EndProject
Project("{8BC9CEB8-8B4A-11D0-8D11-00A0C91BC942}") = "IlmImfTest", "IlmImfTest\IlmImfTest.vcxproj", "{56DC0F39-4E24-47F8-BD97-02B4BA73F4AE}"
	ProjectSection(ProjectDependencies) = postProject
		{20F91A55-48A1-4B0E-B059-EECB5B2206E7} = {20F91A55-48A1-4B0E-B059-EECB5B2206E7}
		{3572FADA-7EDC-4078-974E-C031C0F80100} = {3572FADA-7EDC-4078-974E-C031C0F80100}
	EndProjectSection
EndProject
Project("{8BC9CEB8-8B4A-11D0-8D11-00A0C91BC942}") = "IlmImfUtil", "IlmImfUtil\IlmImfUtil.vcxproj", "{FAA1C803-817B-4C2F-952C-21E1DCA71101}"
	ProjectSection(ProjectDependencies) = postProject
		{20F91A55-48A1-4B0E-B059-EECB5B2206E7} = {20F91A55-48A1-4B0E-B059-EECB5B2206E7}
		{3572FADA-7EDC-4078-974E-C031C0F80100} = {3572FADA-7EDC-4078-974E-C031C0F80100}
	EndProjectSection
EndProject
Project("{8BC9CEB8-8B4A-11D0-8D11-00A0C91BC942}") = "IlmImfUtilTest", "IlmImfUtilTest\IlmImfUtilTest.vcxproj", "{010EB7BD-4E7B-4AC7-BDD4-4DAE2FBCA141}"
	ProjectSection(ProjectDependencies) = postProject
		{20F91A55-48A1-4B0E-B059-EECB5B2206E7} = {20F91A55-48A1-4B0E-B059-EECB5B2206E7}
		{FAA1C803-817B-4C2F-952C-21E1DCA71101} = {FAA1C803-817B-4C2F-952C-21E1DCA71101}
		{3572FADA-7EDC-4078-974E-C031C0F80100} = {3572FADA-7EDC-4078-974E-C031C0F80100}
	EndProjectSection
EndProject
Project("{8BC9CEB8-8B4A-11D0-8D11-00A0C91BC942}") = "PACKAGE", "PACKAGE.vcxproj", "{312CADCB-A2B7-4AFC-BADB-9CBC2982EFDD}"
	ProjectSection(ProjectDependencies) = postProject
		{9E1D84F7-6004-4701-BE78-8CE4633FA8BB} = {9E1D84F7-6004-4701-BE78-8CE4633FA8BB}
	EndProjectSection
EndProject
Project("{8BC9CEB8-8B4A-11D0-8D11-00A0C91BC942}") = "RUN_TESTS", "RUN_TESTS.vcxproj", "{9BC97702-CD2A-49BD-A882-3D6D4072BAD1}"
	ProjectSection(ProjectDependencies) = postProject
	EndProjectSection
EndProject
Project("{8BC9CEB8-8B4A-11D0-8D11-00A0C91BC942}") = "ZERO_CHECK", "ZERO_CHECK.vcxproj", "{3572FADA-7EDC-4078-974E-C031C0F80100}"
	ProjectSection(ProjectDependencies) = postProject
	EndProjectSection
EndProject
Project("{8BC9CEB8-8B4A-11D0-8D11-00A0C91BC942}") = "b44ExpLogTable", "IlmImf\b44ExpLogTable.vcxproj", "{5C6D39DF-758F-4DBD-9035-2EC5BC75A929}"
	ProjectSection(ProjectDependencies) = postProject
		{3572FADA-7EDC-4078-974E-C031C0F80100} = {3572FADA-7EDC-4078-974E-C031C0F80100}
	EndProjectSection
EndProject
Project("{8BC9CEB8-8B4A-11D0-8D11-00A0C91BC942}") = "dwaLookups", "IlmImf\dwaLookups.vcxproj", "{3898EAEA-28E9-4F24-918C-8046D8009C1A}"
	ProjectSection(ProjectDependencies) = postProject
		{3572FADA-7EDC-4078-974E-C031C0F80100} = {3572FADA-7EDC-4078-974E-C031C0F80100}
	EndProjectSection
EndProject
Project("{8BC9CEB8-8B4A-11D0-8D11-00A0C91BC942}") = "exrenvmap", "exrenvmap\exrenvmap.vcxproj", "{B89E9806-E62E-45D3-9154-713C036FA9A1}"
	ProjectSection(ProjectDependencies) = postProject
		{20F91A55-48A1-4B0E-B059-EECB5B2206E7} = {20F91A55-48A1-4B0E-B059-EECB5B2206E7}
		{3572FADA-7EDC-4078-974E-C031C0F80100} = {3572FADA-7EDC-4078-974E-C031C0F80100}
	EndProjectSection
EndProject
Project("{8BC9CEB8-8B4A-11D0-8D11-00A0C91BC942}") = "exrheader", "exrheader\exrheader.vcxproj", "{614456E3-A19B-4B18-8F8A-02B669E7705B}"
	ProjectSection(ProjectDependencies) = postProject
		{20F91A55-48A1-4B0E-B059-EECB5B2206E7} = {20F91A55-48A1-4B0E-B059-EECB5B2206E7}
		{3572FADA-7EDC-4078-974E-C031C0F80100} = {3572FADA-7EDC-4078-974E-C031C0F80100}
	EndProjectSection
EndProject
Project("{8BC9CEB8-8B4A-11D0-8D11-00A0C91BC942}") = "exrmakepreview", "exrmakepreview\exrmakepreview.vcxproj", "{F264635C-B95C-45A8-B85C-C3FD686A3CC3}"
	ProjectSection(ProjectDependencies) = postProject
		{20F91A55-48A1-4B0E-B059-EECB5B2206E7} = {20F91A55-48A1-4B0E-B059-EECB5B2206E7}
		{3572FADA-7EDC-4078-974E-C031C0F80100} = {3572FADA-7EDC-4078-974E-C031C0F80100}
	EndProjectSection
EndProject
Project("{8BC9CEB8-8B4A-11D0-8D11-00A0C91BC942}") = "exrmaketiled", "exrmaketiled\exrmaketiled.vcxproj", "{2BAB2024-2CBE-4F9B-922C-3F6109E7F59D}"
	ProjectSection(ProjectDependencies) = postProject
		{20F91A55-48A1-4B0E-B059-EECB5B2206E7} = {20F91A55-48A1-4B0E-B059-EECB5B2206E7}
		{3572FADA-7EDC-4078-974E-C031C0F80100} = {3572FADA-7EDC-4078-974E-C031C0F80100}
	EndProjectSection
EndProject
Project("{8BC9CEB8-8B4A-11D0-8D11-00A0C91BC942}") = "exrmultipart", "exrmultipart\exrmultipart.vcxproj", "{225AFBFE-2703-493F-AB1A-D70FE79FBC03}"
	ProjectSection(ProjectDependencies) = postProject
		{20F91A55-48A1-4B0E-B059-EECB5B2206E7} = {20F91A55-48A1-4B0E-B059-EECB5B2206E7}
		{3572FADA-7EDC-4078-974E-C031C0F80100} = {3572FADA-7EDC-4078-974E-C031C0F80100}
	EndProjectSection
EndProject
Project("{8BC9CEB8-8B4A-11D0-8D11-00A0C91BC942}") = "exrmultiview", "exrmultiview\exrmultiview.vcxproj", "{7E3E057F-A354-40E9-B927-C24E628D204E}"
	ProjectSection(ProjectDependencies) = postProject
		{20F91A55-48A1-4B0E-B059-EECB5B2206E7} = {20F91A55-48A1-4B0E-B059-EECB5B2206E7}
		{3572FADA-7EDC-4078-974E-C031C0F80100} = {3572FADA-7EDC-4078-974E-C031C0F80100}
	EndProjectSection
EndProject
Project("{8BC9CEB8-8B4A-11D0-8D11-00A0C91BC942}") = "exrstdattr", "exrstdattr\exrstdattr.vcxproj", "{24BD111C-833B-4253-B5E2-107C9E4CBA4E}"
	ProjectSection(ProjectDependencies) = postProject
		{20F91A55-48A1-4B0E-B059-EECB5B2206E7} = {20F91A55-48A1-4B0E-B059-EECB5B2206E7}
		{3572FADA-7EDC-4078-974E-C031C0F80100} = {3572FADA-7EDC-4078-974E-C031C0F80100}
	EndProjectSection
EndProject
Global
	GlobalSection(SolutionConfigurationPlatforms) = preSolution
		Debug|x64 = Debug|x64
		Release|x64 = Release|x64
		MinSizeRel|x64 = MinSizeRel|x64
		RelWithDebInfo|x64 = RelWithDebInfo|x64
	EndGlobalSection
	GlobalSection(ProjectConfigurationPlatforms) = postSolution
		{9E1D84F7-6004-4701-BE78-8CE4633FA8BB}.Debug|x64.ActiveCfg = Debug|x64
		{9E1D84F7-6004-4701-BE78-8CE4633FA8BB}.Debug|x64.Build.0 = Debug|x64
		{9E1D84F7-6004-4701-BE78-8CE4633FA8BB}.Release|x64.ActiveCfg = Release|x64
		{9E1D84F7-6004-4701-BE78-8CE4633FA8BB}.Release|x64.Build.0 = Release|x64
		{9E1D84F7-6004-4701-BE78-8CE4633FA8BB}.MinSizeRel|x64.ActiveCfg = MinSizeRel|x64
		{9E1D84F7-6004-4701-BE78-8CE4633FA8BB}.MinSizeRel|x64.Build.0 = MinSizeRel|x64
		{9E1D84F7-6004-4701-BE78-8CE4633FA8BB}.RelWithDebInfo|x64.ActiveCfg = RelWithDebInfo|x64
		{9E1D84F7-6004-4701-BE78-8CE4633FA8BB}.RelWithDebInfo|x64.Build.0 = RelWithDebInfo|x64
		{51DD688D-41D9-48AC-9A82-9FDF46E435BD}.Debug|x64.ActiveCfg = Debug|x64
		{51DD688D-41D9-48AC-9A82-9FDF46E435BD}.Release|x64.ActiveCfg = Release|x64
		{51DD688D-41D9-48AC-9A82-9FDF46E435BD}.MinSizeRel|x64.ActiveCfg = MinSizeRel|x64
		{51DD688D-41D9-48AC-9A82-9FDF46E435BD}.RelWithDebInfo|x64.ActiveCfg = RelWithDebInfo|x64
		{20F91A55-48A1-4B0E-B059-EECB5B2206E7}.Debug|x64.ActiveCfg = Debug|x64
		{20F91A55-48A1-4B0E-B059-EECB5B2206E7}.Debug|x64.Build.0 = Debug|x64
		{20F91A55-48A1-4B0E-B059-EECB5B2206E7}.Release|x64.ActiveCfg = Release|x64
		{20F91A55-48A1-4B0E-B059-EECB5B2206E7}.Release|x64.Build.0 = Release|x64
		{20F91A55-48A1-4B0E-B059-EECB5B2206E7}.MinSizeRel|x64.ActiveCfg = MinSizeRel|x64
		{20F91A55-48A1-4B0E-B059-EECB5B2206E7}.MinSizeRel|x64.Build.0 = MinSizeRel|x64
		{20F91A55-48A1-4B0E-B059-EECB5B2206E7}.RelWithDebInfo|x64.ActiveCfg = RelWithDebInfo|x64
		{20F91A55-48A1-4B0E-B059-EECB5B2206E7}.RelWithDebInfo|x64.Build.0 = RelWithDebInfo|x64
		{A0513634-D2B9-497A-A3A5-2CE6BD35A359}.Debug|x64.ActiveCfg = Debug|x64
		{A0513634-D2B9-497A-A3A5-2CE6BD35A359}.Debug|x64.Build.0 = Debug|x64
		{A0513634-D2B9-497A-A3A5-2CE6BD35A359}.Release|x64.ActiveCfg = Release|x64
		{A0513634-D2B9-497A-A3A5-2CE6BD35A359}.Release|x64.Build.0 = Release|x64
		{A0513634-D2B9-497A-A3A5-2CE6BD35A359}.MinSizeRel|x64.ActiveCfg = MinSizeRel|x64
		{A0513634-D2B9-497A-A3A5-2CE6BD35A359}.MinSizeRel|x64.Build.0 = MinSizeRel|x64
		{A0513634-D2B9-497A-A3A5-2CE6BD35A359}.RelWithDebInfo|x64.ActiveCfg = RelWithDebInfo|x64
		{A0513634-D2B9-497A-A3A5-2CE6BD35A359}.RelWithDebInfo|x64.Build.0 = RelWithDebInfo|x64
		{93A8A248-A327-40C7-926D-171BCF4A2E92}.Debug|x64.ActiveCfg = Debug|x64
		{93A8A248-A327-40C7-926D-171BCF4A2E92}.Debug|x64.Build.0 = Debug|x64
		{93A8A248-A327-40C7-926D-171BCF4A2E92}.Release|x64.ActiveCfg = Release|x64
		{93A8A248-A327-40C7-926D-171BCF4A2E92}.Release|x64.Build.0 = Release|x64
		{93A8A248-A327-40C7-926D-171BCF4A2E92}.MinSizeRel|x64.ActiveCfg = MinSizeRel|x64
		{93A8A248-A327-40C7-926D-171BCF4A2E92}.MinSizeRel|x64.Build.0 = MinSizeRel|x64
		{93A8A248-A327-40C7-926D-171BCF4A2E92}.RelWithDebInfo|x64.ActiveCfg = RelWithDebInfo|x64
		{93A8A248-A327-40C7-926D-171BCF4A2E92}.RelWithDebInfo|x64.Build.0 = RelWithDebInfo|x64
		{56DC0F39-4E24-47F8-BD97-02B4BA73F4AE}.Debug|x64.ActiveCfg = Debug|x64
		{56DC0F39-4E24-47F8-BD97-02B4BA73F4AE}.Debug|x64.Build.0 = Debug|x64
		{56DC0F39-4E24-47F8-BD97-02B4BA73F4AE}.Release|x64.ActiveCfg = Release|x64
		{56DC0F39-4E24-47F8-BD97-02B4BA73F4AE}.Release|x64.Build.0 = Release|x64
		{56DC0F39-4E24-47F8-BD97-02B4BA73F4AE}.MinSizeRel|x64.ActiveCfg = MinSizeRel|x64
		{56DC0F39-4E24-47F8-BD97-02B4BA73F4AE}.MinSizeRel|x64.Build.0 = MinSizeRel|x64
		{56DC0F39-4E24-47F8-BD97-02B4BA73F4AE}.RelWithDebInfo|x64.ActiveCfg = RelWithDebInfo|x64
		{56DC0F39-4E24-47F8-BD97-02B4BA73F4AE}.RelWithDebInfo|x64.Build.0 = RelWithDebInfo|x64
		{FAA1C803-817B-4C2F-952C-21E1DCA71101}.Debug|x64.ActiveCfg = Debug|x64
		{FAA1C803-817B-4C2F-952C-21E1DCA71101}.Debug|x64.Build.0 = Debug|x64
		{FAA1C803-817B-4C2F-952C-21E1DCA71101}.Release|x64.ActiveCfg = Release|x64
		{FAA1C803-817B-4C2F-952C-21E1DCA71101}.Release|x64.Build.0 = Release|x64
		{FAA1C803-817B-4C2F-952C-21E1DCA71101}.MinSizeRel|x64.ActiveCfg = MinSizeRel|x64
		{FAA1C803-817B-4C2F-952C-21E1DCA71101}.MinSizeRel|x64.Build.0 = MinSizeRel|x64
		{FAA1C803-817B-4C2F-952C-21E1DCA71101}.RelWithDebInfo|x64.ActiveCfg = RelWithDebInfo|x64
		{FAA1C803-817B-4C2F-952C-21E1DCA71101}.RelWithDebInfo|x64.Build.0 = RelWithDebInfo|x64
		{010EB7BD-4E7B-4AC7-BDD4-4DAE2FBCA141}.Debug|x64.ActiveCfg = Debug|x64
		{010EB7BD-4E7B-4AC7-BDD4-4DAE2FBCA141}.Debug|x64.Build.0 = Debug|x64
		{010EB7BD-4E7B-4AC7-BDD4-4DAE2FBCA141}.Release|x64.ActiveCfg = Release|x64
		{010EB7BD-4E7B-4AC7-BDD4-4DAE2FBCA141}.Release|x64.Build.0 = Release|x64
		{010EB7BD-4E7B-4AC7-BDD4-4DAE2FBCA141}.MinSizeRel|x64.ActiveCfg = MinSizeRel|x64
		{010EB7BD-4E7B-4AC7-BDD4-4DAE2FBCA141}.MinSizeRel|x64.Build.0 = MinSizeRel|x64
		{010EB7BD-4E7B-4AC7-BDD4-4DAE2FBCA141}.RelWithDebInfo|x64.ActiveCfg = RelWithDebInfo|x64
		{010EB7BD-4E7B-4AC7-BDD4-4DAE2FBCA141}.RelWithDebInfo|x64.Build.0 = RelWithDebInfo|x64
		{312CADCB-A2B7-4AFC-BADB-9CBC2982EFDD}.Debug|x64.ActiveCfg = Debug|x64
		{312CADCB-A2B7-4AFC-BADB-9CBC2982EFDD}.Release|x64.ActiveCfg = Release|x64
		{312CADCB-A2B7-4AFC-BADB-9CBC2982EFDD}.MinSizeRel|x64.ActiveCfg = MinSizeRel|x64
		{312CADCB-A2B7-4AFC-BADB-9CBC2982EFDD}.RelWithDebInfo|x64.ActiveCfg = RelWithDebInfo|x64
		{9BC97702-CD2A-49BD-A882-3D6D4072BAD1}.Debug|x64.ActiveCfg = Debug|x64
		{9BC97702-CD2A-49BD-A882-3D6D4072BAD1}.Release|x64.ActiveCfg = Release|x64
		{9BC97702-CD2A-49BD-A882-3D6D4072BAD1}.MinSizeRel|x64.ActiveCfg = MinSizeRel|x64
		{9BC97702-CD2A-49BD-A882-3D6D4072BAD1}.RelWithDebInfo|x64.ActiveCfg = RelWithDebInfo|x64
		{3572FADA-7EDC-4078-974E-C031C0F80100}.Debug|x64.ActiveCfg = Debug|x64
		{3572FADA-7EDC-4078-974E-C031C0F80100}.Debug|x64.Build.0 = Debug|x64
		{3572FADA-7EDC-4078-974E-C031C0F80100}.Release|x64.ActiveCfg = Release|x64
		{3572FADA-7EDC-4078-974E-C031C0F80100}.Release|x64.Build.0 = Release|x64
		{3572FADA-7EDC-4078-974E-C031C0F80100}.MinSizeRel|x64.ActiveCfg = MinSizeRel|x64
		{3572FADA-7EDC-4078-974E-C031C0F80100}.MinSizeRel|x64.Build.0 = MinSizeRel|x64
		{3572FADA-7EDC-4078-974E-C031C0F80100}.RelWithDebInfo|x64.ActiveCfg = RelWithDebInfo|x64
		{3572FADA-7EDC-4078-974E-C031C0F80100}.RelWithDebInfo|x64.Build.0 = RelWithDebInfo|x64
		{5C6D39DF-758F-4DBD-9035-2EC5BC75A929}.Debug|x64.ActiveCfg = Debug|x64
		{5C6D39DF-758F-4DBD-9035-2EC5BC75A929}.Debug|x64.Build.0 = Debug|x64
		{5C6D39DF-758F-4DBD-9035-2EC5BC75A929}.Release|x64.ActiveCfg = Release|x64
		{5C6D39DF-758F-4DBD-9035-2EC5BC75A929}.Release|x64.Build.0 = Release|x64
		{5C6D39DF-758F-4DBD-9035-2EC5BC75A929}.MinSizeRel|x64.ActiveCfg = MinSizeRel|x64
		{5C6D39DF-758F-4DBD-9035-2EC5BC75A929}.MinSizeRel|x64.Build.0 = MinSizeRel|x64
		{5C6D39DF-758F-4DBD-9035-2EC5BC75A929}.RelWithDebInfo|x64.ActiveCfg = RelWithDebInfo|x64
		{5C6D39DF-758F-4DBD-9035-2EC5BC75A929}.RelWithDebInfo|x64.Build.0 = RelWithDebInfo|x64
		{3898EAEA-28E9-4F24-918C-8046D8009C1A}.Debug|x64.ActiveCfg = Debug|x64
		{3898EAEA-28E9-4F24-918C-8046D8009C1A}.Debug|x64.Build.0 = Debug|x64
		{3898EAEA-28E9-4F24-918C-8046D8009C1A}.Release|x64.ActiveCfg = Release|x64
		{3898EAEA-28E9-4F24-918C-8046D8009C1A}.Release|x64.Build.0 = Release|x64
		{3898EAEA-28E9-4F24-918C-8046D8009C1A}.MinSizeRel|x64.ActiveCfg = MinSizeRel|x64
		{3898EAEA-28E9-4F24-918C-8046D8009C1A}.MinSizeRel|x64.Build.0 = MinSizeRel|x64
		{3898EAEA-28E9-4F24-918C-8046D8009C1A}.RelWithDebInfo|x64.ActiveCfg = RelWithDebInfo|x64
		{3898EAEA-28E9-4F24-918C-8046D8009C1A}.RelWithDebInfo|x64.Build.0 = RelWithDebInfo|x64
		{B89E9806-E62E-45D3-9154-713C036FA9A1}.Debug|x64.ActiveCfg = Debug|x64
		{B89E9806-E62E-45D3-9154-713C036FA9A1}.Debug|x64.Build.0 = Debug|x64
		{B89E9806-E62E-45D3-9154-713C036FA9A1}.Release|x64.ActiveCfg = Release|x64
		{B89E9806-E62E-45D3-9154-713C036FA9A1}.Release|x64.Build.0 = Release|x64
		{B89E9806-E62E-45D3-9154-713C036FA9A1}.MinSizeRel|x64.ActiveCfg = MinSizeRel|x64
		{B89E9806-E62E-45D3-9154-713C036FA9A1}.MinSizeRel|x64.Build.0 = MinSizeRel|x64
		{B89E9806-E62E-45D3-9154-713C036FA9A1}.RelWithDebInfo|x64.ActiveCfg = RelWithDebInfo|x64
		{B89E9806-E62E-45D3-9154-713C036FA9A1}.RelWithDebInfo|x64.Build.0 = RelWithDebInfo|x64
		{614456E3-A19B-4B18-8F8A-02B669E7705B}.Debug|x64.ActiveCfg = Debug|x64
		{614456E3-A19B-4B18-8F8A-02B669E7705B}.Debug|x64.Build.0 = Debug|x64
		{614456E3-A19B-4B18-8F8A-02B669E7705B}.Release|x64.ActiveCfg = Release|x64
		{614456E3-A19B-4B18-8F8A-02B669E7705B}.Release|x64.Build.0 = Release|x64
		{614456E3-A19B-4B18-8F8A-02B669E7705B}.MinSizeRel|x64.ActiveCfg = MinSizeRel|x64
		{614456E3-A19B-4B18-8F8A-02B669E7705B}.MinSizeRel|x64.Build.0 = MinSizeRel|x64
		{614456E3-A19B-4B18-8F8A-02B669E7705B}.RelWithDebInfo|x64.ActiveCfg = RelWithDebInfo|x64
		{614456E3-A19B-4B18-8F8A-02B669E7705B}.RelWithDebInfo|x64.Build.0 = RelWithDebInfo|x64
		{F264635C-B95C-45A8-B85C-C3FD686A3CC3}.Debug|x64.ActiveCfg = Debug|x64
		{F264635C-B95C-45A8-B85C-C3FD686A3CC3}.Debug|x64.Build.0 = Debug|x64
		{F264635C-B95C-45A8-B85C-C3FD686A3CC3}.Release|x64.ActiveCfg = Release|x64
		{F264635C-B95C-45A8-B85C-C3FD686A3CC3}.Release|x64.Build.0 = Release|x64
		{F264635C-B95C-45A8-B85C-C3FD686A3CC3}.MinSizeRel|x64.ActiveCfg = MinSizeRel|x64
		{F264635C-B95C-45A8-B85C-C3FD686A3CC3}.MinSizeRel|x64.Build.0 = MinSizeRel|x64
		{F264635C-B95C-45A8-B85C-C3FD686A3CC3}.RelWithDebInfo|x64.ActiveCfg = RelWithDebInfo|x64
		{F264635C-B95C-45A8-B85C-C3FD686A3CC3}.RelWithDebInfo|x64.Build.0 = RelWithDebInfo|x64
		{2BAB2024-2CBE-4F9B-922C-3F6109E7F59D}.Debug|x64.ActiveCfg = Debug|x64
		{2BAB2024-2CBE-4F9B-922C-3F6109E7F59D}.Debug|x64.Build.0 = Debug|x64
		{2BAB2024-2CBE-4F9B-922C-3F6109E7F59D}.Release|x64.ActiveCfg = Release|x64
		{2BAB2024-2CBE-4F9B-922C-3F6109E7F59D}.Release|x64.Build.0 = Release|x64
		{2BAB2024-2CBE-4F9B-922C-3F6109E7F59D}.MinSizeRel|x64.ActiveCfg = MinSizeRel|x64
		{2BAB2024-2CBE-4F9B-922C-3F6109E7F59D}.MinSizeRel|x64.Build.0 = MinSizeRel|x64
		{2BAB2024-2CBE-4F9B-922C-3F6109E7F59D}.RelWithDebInfo|x64.ActiveCfg = RelWithDebInfo|x64
		{2BAB2024-2CBE-4F9B-922C-3F6109E7F59D}.RelWithDebInfo|x64.Build.0 = RelWithDebInfo|x64
		{225AFBFE-2703-493F-AB1A-D70FE79FBC03}.Debug|x64.ActiveCfg = Debug|x64
		{225AFBFE-2703-493F-AB1A-D70FE79FBC03}.Debug|x64.Build.0 = Debug|x64
		{225AFBFE-2703-493F-AB1A-D70FE79FBC03}.Release|x64.ActiveCfg = Release|x64
		{225AFBFE-2703-493F-AB1A-D70FE79FBC03}.Release|x64.Build.0 = Release|x64
		{225AFBFE-2703-493F-AB1A-D70FE79FBC03}.MinSizeRel|x64.ActiveCfg = MinSizeRel|x64
		{225AFBFE-2703-493F-AB1A-D70FE79FBC03}.MinSizeRel|x64.Build.0 = MinSizeRel|x64
		{225AFBFE-2703-493F-AB1A-D70FE79FBC03}.RelWithDebInfo|x64.ActiveCfg = RelWithDebInfo|x64
		{225AFBFE-2703-493F-AB1A-D70FE79FBC03}.RelWithDebInfo|x64.Build.0 = RelWithDebInfo|x64
		{7E3E057F-A354-40E9-B927-C24E628D204E}.Debug|x64.ActiveCfg = Debug|x64
		{7E3E057F-A354-40E9-B927-C24E628D204E}.Debug|x64.Build.0 = Debug|x64
		{7E3E057F-A354-40E9-B927-C24E628D204E}.Release|x64.ActiveCfg = Release|x64
		{7E3E057F-A354-40E9-B927-C24E628D204E}.Release|x64.Build.0 = Release|x64
		{7E3E057F-A354-40E9-B927-C24E628D204E}.MinSizeRel|x64.ActiveCfg = MinSizeRel|x64
		{7E3E057F-A354-40E9-B927-C24E628D204E}.MinSizeRel|x64.Build.0 = MinSizeRel|x64
		{7E3E057F-A354-40E9-B927-C24E628D204E}.RelWithDebInfo|x64.ActiveCfg = RelWithDebInfo|x64
		{7E3E057F-A354-40E9-B927-C24E628D204E}.RelWithDebInfo|x64.Build.0 = RelWithDebInfo|x64
		{24BD111C-833B-4253-B5E2-107C9E4CBA4E}.Debug|x64.ActiveCfg = Debug|x64
		{24BD111C-833B-4253-B5E2-107C9E4CBA4E}.Debug|x64.Build.0 = Debug|x64
		{24BD111C-833B-4253-B5E2-107C9E4CBA4E}.Release|x64.ActiveCfg = Release|x64
		{24BD111C-833B-4253-B5E2-107C9E4CBA4E}.Release|x64.Build.0 = Release|x64
		{24BD111C-833B-4253-B5E2-107C9E4CBA4E}.MinSizeRel|x64.ActiveCfg = MinSizeRel|x64
		{24BD111C-833B-4253-B5E2-107C9E4CBA4E}.MinSizeRel|x64.Build.0 = MinSizeRel|x64
		{24BD111C-833B-4253-B5E2-107C9E4CBA4E}.RelWithDebInfo|x64.ActiveCfg = RelWithDebInfo|x64
		{24BD111C-833B-4253-B5E2-107C9E4CBA4E}.RelWithDebInfo|x64.Build.0 = RelWithDebInfo|x64
	EndGlobalSection
	GlobalSection(ExtensibilityGlobals) = postSolution
	EndGlobalSection
	GlobalSection(ExtensibilityAddIns) = postSolution
	EndGlobalSection
EndGlobal
