Microsoft Visual Studio Solution File, Format Version 8.00
Project("{8BC9CEB8-8B4A-11D0-8D11-00A0C91BC942}") = "IccProfLib", "..\..\IccProfLib\IccProfLib_v7.vcproj", "{FED492F2-ADC9-45A8-A638-53A613D5AE61}"
	ProjectSection(ProjectDependencies) = postProject
	EndProjectSection
EndProject
Project("{8BC9CEB8-8B4A-11D0-8D11-00A0C91BC942}") = "create_CLUT_profile_from_probe", "..\CmdLine\create_CLUT_profile_from_probe\create_CLUT_profile_from_probe_v7.vcproj", "{663208AE-BA89-4C2D-BC91-12FB1D000585}"
	ProjectSection(ProjectDependencies) = postProject
		{938C1BE6-F759-44BB-85C2-60FC413D5AD2} = {938C1BE6-F759-44BB-85C2-60FC413D5AD2}
		{FED492F2-ADC9-45A8-A638-53A613D5AE61} = {FED492F2-ADC9-45A8-A638-53A613D5AE61}
	EndProjectSection
EndProject
Project("{8BC9CEB8-8B4A-11D0-8D11-00A0C91BC942}") = "create_CLUT_profile", "E:\AccuRevWS\pshop-dev-eng\Color\SampleICC\Contrib\CmdLine\create_CLUT_profile\create_CLUT_profile_v7.vcproj", "{16326F94-522C-4C2A-9FCE-56828AF23C8B}"
	ProjectSection(ProjectDependencies) = postProject
		{938C1BE6-F759-44BB-85C2-60FC413D5AD2} = {938C1BE6-F759-44BB-85C2-60FC413D5AD2}
		{FED492F2-ADC9-45A8-A638-53A613D5AE61} = {FED492F2-ADC9-45A8-A638-53A613D5AE61}
	EndProjectSection
EndProject
Project("{8BC9CEB8-8B4A-11D0-8D11-00A0C91BC942}") = "create_display_profile", "E:\AccuRevWS\pshop-dev-eng\Color\SampleICC\Contrib\CmdLine\create_display_profile\create_display_profile_v7.vcproj", "{45AFC99C-232B-45F6-B0D8-6697D4306366}"
	ProjectSection(ProjectDependencies) = postProject
		{938C1BE6-F759-44BB-85C2-60FC413D5AD2} = {938C1BE6-F759-44BB-85C2-60FC413D5AD2}
		{FED492F2-ADC9-45A8-A638-53A613D5AE61} = {FED492F2-ADC9-45A8-A638-53A613D5AE61}
	EndProjectSection
EndProject
Project("{8BC9CEB8-8B4A-11D0-8D11-00A0C91BC942}") = "flatten_AToB_tag", "..\tests\flatten_AToB_tag\flatten_AToB_tag_v7.vcproj", "{EDC0A2BE-50FE-4DE2-ADD6-DC87F4FBCDCC}"
	ProjectSection(ProjectDependencies) = postProject
		{938C1BE6-F759-44BB-85C2-60FC413D5AD2} = {938C1BE6-F759-44BB-85C2-60FC413D5AD2}
		{FED492F2-ADC9-45A8-A638-53A613D5AE61} = {FED492F2-ADC9-45A8-A638-53A613D5AE61}
	EndProjectSection
EndProject
Project("{8BC9CEB8-8B4A-11D0-8D11-00A0C91BC942}") = "generate_device_codes", "..\tests\generate_device_codes\generate_device_codes_v7.vcproj", "{C8CB8921-29D3-4192-9242-9931CE86F68E}"
	ProjectSection(ProjectDependencies) = postProject
		{938C1BE6-F759-44BB-85C2-60FC413D5AD2} = {938C1BE6-F759-44BB-85C2-60FC413D5AD2}
		{FED492F2-ADC9-45A8-A638-53A613D5AE61} = {FED492F2-ADC9-45A8-A638-53A613D5AE61}
	EndProjectSection
EndProject
Project("{8BC9CEB8-8B4A-11D0-8D11-00A0C91BC942}") = "reconstruct_measurements", "..\tests\reconstruct_measurements\reconstruct_measurements_v7.vcproj", "{130CC431-5239-445E-AB84-942153A5262D}"
	ProjectSection(ProjectDependencies) = postProject
		{938C1BE6-F759-44BB-85C2-60FC413D5AD2} = {938C1BE6-F759-44BB-85C2-60FC413D5AD2}
		{FED492F2-ADC9-45A8-A638-53A613D5AE61} = {FED492F2-ADC9-45A8-A638-53A613D5AE61}
	EndProjectSection
EndProject
Project("{8BC9CEB8-8B4A-11D0-8D11-00A0C91BC942}") = "round_trip_PCS_LAB", "..\tests\round_trip_PCS_LAB\round_trip_PCS_LAB_v7.vcproj", "{52496ADB-E7DD-4518-9BDF-BE8D5D7AC316}"
	ProjectSection(ProjectDependencies) = postProject
		{938C1BE6-F759-44BB-85C2-60FC413D5AD2} = {938C1BE6-F759-44BB-85C2-60FC413D5AD2}
		{FED492F2-ADC9-45A8-A638-53A613D5AE61} = {FED492F2-ADC9-45A8-A638-53A613D5AE61}
	EndProjectSection
EndProject
Project("{8BC9CEB8-8B4A-11D0-8D11-00A0C91BC942}") = "create_pretransform_curve", "..\examples\RSR\create_pretransform_curve_v7.vcproj", "{FCF6D538-EE93-4EA4-B895-B54FB966A5EA}"
	ProjectSection(ProjectDependencies) = postProject
		{938C1BE6-F759-44BB-85C2-60FC413D5AD2} = {938C1BE6-F759-44BB-85C2-60FC413D5AD2}
		{FED492F2-ADC9-45A8-A638-53A613D5AE61} = {FED492F2-ADC9-45A8-A638-53A613D5AE61}
	EndProjectSection
EndProject
Project("{8BC9CEB8-8B4A-11D0-8D11-00A0C91BC942}") = "IccUtilsLib", "..\ICC_utils\ICC_utils_v7.vcproj", "{938C1BE6-F759-44BB-85C2-60FC413D5AD2}"
	ProjectSection(ProjectDependencies) = postProject
	EndProjectSection
EndProject
Global
	GlobalSection(SolutionConfiguration) = preSolution
		Debug = Debug
		DLL Debug = DLL Debug
		DLL Release = DLL Release
		DLL Unicode Debug = DLL Unicode Debug
		DLL Unicode Release = DLL Unicode Release
		DLL Universal Debug = DLL Universal Debug
		DLL Universal Release = DLL Universal Release
		DLL Universal Unicode Debug = DLL Universal Unicode Debug
		DLL Universal Unicode Release = DLL Universal Unicode Release
		Release = Release
		Unicode Debug = Unicode Debug
		Unicode Release = Unicode Release
		Universal Debug = Universal Debug
		Universal Release = Universal Release
		Universal Unicode Debug = Universal Unicode Debug
		Universal Unicode Release = Universal Unicode Release
	EndGlobalSection
	GlobalSection(ProjectConfiguration) = postSolution
		{FED492F2-ADC9-45A8-A638-53A613D5AE61}.Debug.ActiveCfg = Debug|Win32
		{FED492F2-ADC9-45A8-A638-53A613D5AE61}.Debug.Build.0 = Debug|Win32
		{FED492F2-ADC9-45A8-A638-53A613D5AE61}.DLL Debug.ActiveCfg = Debug|Win32
		{FED492F2-ADC9-45A8-A638-53A613D5AE61}.DLL Debug.Build.0 = Debug|Win32
		{FED492F2-ADC9-45A8-A638-53A613D5AE61}.DLL Release.ActiveCfg = Release|Win32
		{FED492F2-ADC9-45A8-A638-53A613D5AE61}.DLL Release.Build.0 = Release|Win32
		{FED492F2-ADC9-45A8-A638-53A613D5AE61}.DLL Unicode Debug.ActiveCfg = Debug|Win32
		{FED492F2-ADC9-45A8-A638-53A613D5AE61}.DLL Unicode Debug.Build.0 = Debug|Win32
		{FED492F2-ADC9-45A8-A638-53A613D5AE61}.DLL Unicode Release.ActiveCfg = Release|Win32
		{FED492F2-ADC9-45A8-A638-53A613D5AE61}.DLL Unicode Release.Build.0 = Release|Win32
		{FED492F2-ADC9-45A8-A638-53A613D5AE61}.DLL Universal Debug.ActiveCfg = Debug|Win32
		{FED492F2-ADC9-45A8-A638-53A613D5AE61}.DLL Universal Debug.Build.0 = Debug|Win32
		{FED492F2-ADC9-45A8-A638-53A613D5AE61}.DLL Universal Release.ActiveCfg = Release|Win32
		{FED492F2-ADC9-45A8-A638-53A613D5AE61}.DLL Universal Release.Build.0 = Release|Win32
		{FED492F2-ADC9-45A8-A638-53A613D5AE61}.DLL Universal Unicode Debug.ActiveCfg = Debug|Win32
		{FED492F2-ADC9-45A8-A638-53A613D5AE61}.DLL Universal Unicode Debug.Build.0 = Debug|Win32
		{FED492F2-ADC9-45A8-A638-53A613D5AE61}.DLL Universal Unicode Release.ActiveCfg = Release|Win32
		{FED492F2-ADC9-45A8-A638-53A613D5AE61}.DLL Universal Unicode Release.Build.0 = Release|Win32
		{FED492F2-ADC9-45A8-A638-53A613D5AE61}.Release.ActiveCfg = Release|Win32
		{FED492F2-ADC9-45A8-A638-53A613D5AE61}.Release.Build.0 = Release|Win32
		{FED492F2-ADC9-45A8-A638-53A613D5AE61}.Unicode Debug.ActiveCfg = Debug|Win32
		{FED492F2-ADC9-45A8-A638-53A613D5AE61}.Unicode Debug.Build.0 = Debug|Win32
		{FED492F2-ADC9-45A8-A638-53A613D5AE61}.Unicode Release.ActiveCfg = Release|Win32
		{FED492F2-ADC9-45A8-A638-53A613D5AE61}.Unicode Release.Build.0 = Release|Win32
		{FED492F2-ADC9-45A8-A638-53A613D5AE61}.Universal Debug.ActiveCfg = Debug|Win32
		{FED492F2-ADC9-45A8-A638-53A613D5AE61}.Universal Debug.Build.0 = Debug|Win32
		{FED492F2-ADC9-45A8-A638-53A613D5AE61}.Universal Release.ActiveCfg = Release|Win32
		{FED492F2-ADC9-45A8-A638-53A613D5AE61}.Universal Release.Build.0 = Release|Win32
		{FED492F2-ADC9-45A8-A638-53A613D5AE61}.Universal Unicode Debug.ActiveCfg = Debug|Win32
		{FED492F2-ADC9-45A8-A638-53A613D5AE61}.Universal Unicode Debug.Build.0 = Debug|Win32
		{FED492F2-ADC9-45A8-A638-53A613D5AE61}.Universal Unicode Release.ActiveCfg = Release|Win32
		{FED492F2-ADC9-45A8-A638-53A613D5AE61}.Universal Unicode Release.Build.0 = Release|Win32
		{663208AE-BA89-4C2D-BC91-12FB1D000585}.Debug.ActiveCfg = Debug|Win32
		{663208AE-BA89-4C2D-BC91-12FB1D000585}.Debug.Build.0 = Debug|Win32
		{663208AE-BA89-4C2D-BC91-12FB1D000585}.DLL Debug.ActiveCfg = Debug|Win32
		{663208AE-BA89-4C2D-BC91-12FB1D000585}.DLL Debug.Build.0 = Debug|Win32
		{663208AE-BA89-4C2D-BC91-12FB1D000585}.DLL Release.ActiveCfg = Release|Win32
		{663208AE-BA89-4C2D-BC91-12FB1D000585}.DLL Release.Build.0 = Release|Win32
		{663208AE-BA89-4C2D-BC91-12FB1D000585}.DLL Unicode Debug.ActiveCfg = Debug|Win32
		{663208AE-BA89-4C2D-BC91-12FB1D000585}.DLL Unicode Debug.Build.0 = Debug|Win32
		{663208AE-BA89-4C2D-BC91-12FB1D000585}.DLL Unicode Release.ActiveCfg = Release|Win32
		{663208AE-BA89-4C2D-BC91-12FB1D000585}.DLL Unicode Release.Build.0 = Release|Win32
		{663208AE-BA89-4C2D-BC91-12FB1D000585}.DLL Universal Debug.ActiveCfg = Debug|Win32
		{663208AE-BA89-4C2D-BC91-12FB1D000585}.DLL Universal Debug.Build.0 = Debug|Win32
		{663208AE-BA89-4C2D-BC91-12FB1D000585}.DLL Universal Release.ActiveCfg = Release|Win32
		{663208AE-BA89-4C2D-BC91-12FB1D000585}.DLL Universal Release.Build.0 = Release|Win32
		{663208AE-BA89-4C2D-BC91-12FB1D000585}.DLL Universal Unicode Debug.ActiveCfg = Debug|Win32
		{663208AE-BA89-4C2D-BC91-12FB1D000585}.DLL Universal Unicode Debug.Build.0 = Debug|Win32
		{663208AE-BA89-4C2D-BC91-12FB1D000585}.DLL Universal Unicode Release.ActiveCfg = Release|Win32
		{663208AE-BA89-4C2D-BC91-12FB1D000585}.DLL Universal Unicode Release.Build.0 = Release|Win32
		{663208AE-BA89-4C2D-BC91-12FB1D000585}.Release.ActiveCfg = Release|Win32
		{663208AE-BA89-4C2D-BC91-12FB1D000585}.Release.Build.0 = Release|Win32
		{663208AE-BA89-4C2D-BC91-12FB1D000585}.Unicode Debug.ActiveCfg = Debug|Win32
		{663208AE-BA89-4C2D-BC91-12FB1D000585}.Unicode Debug.Build.0 = Debug|Win32
		{663208AE-BA89-4C2D-BC91-12FB1D000585}.Unicode Release.ActiveCfg = Release|Win32
		{663208AE-BA89-4C2D-BC91-12FB1D000585}.Unicode Release.Build.0 = Release|Win32
		{663208AE-BA89-4C2D-BC91-12FB1D000585}.Universal Debug.ActiveCfg = Debug|Win32
		{663208AE-BA89-4C2D-BC91-12FB1D000585}.Universal Debug.Build.0 = Debug|Win32
		{663208AE-BA89-4C2D-BC91-12FB1D000585}.Universal Release.ActiveCfg = Release|Win32
		{663208AE-BA89-4C2D-BC91-12FB1D000585}.Universal Release.Build.0 = Release|Win32
		{663208AE-BA89-4C2D-BC91-12FB1D000585}.Universal Unicode Debug.ActiveCfg = Debug|Win32
		{663208AE-BA89-4C2D-BC91-12FB1D000585}.Universal Unicode Debug.Build.0 = Debug|Win32
		{663208AE-BA89-4C2D-BC91-12FB1D000585}.Universal Unicode Release.ActiveCfg = Release|Win32
		{663208AE-BA89-4C2D-BC91-12FB1D000585}.Universal Unicode Release.Build.0 = Release|Win32
		{16326F94-522C-4C2A-9FCE-56828AF23C8B}.Debug.ActiveCfg = Debug|Win32
		{16326F94-522C-4C2A-9FCE-56828AF23C8B}.Debug.Build.0 = Debug|Win32
		{16326F94-522C-4C2A-9FCE-56828AF23C8B}.DLL Debug.ActiveCfg = Debug|Win32
		{16326F94-522C-4C2A-9FCE-56828AF23C8B}.DLL Debug.Build.0 = Debug|Win32
		{16326F94-522C-4C2A-9FCE-56828AF23C8B}.DLL Release.ActiveCfg = Release|Win32
		{16326F94-522C-4C2A-9FCE-56828AF23C8B}.DLL Release.Build.0 = Release|Win32
		{16326F94-522C-4C2A-9FCE-56828AF23C8B}.DLL Unicode Debug.ActiveCfg = Debug|Win32
		{16326F94-522C-4C2A-9FCE-56828AF23C8B}.DLL Unicode Debug.Build.0 = Debug|Win32
		{16326F94-522C-4C2A-9FCE-56828AF23C8B}.DLL Unicode Release.ActiveCfg = Release|Win32
		{16326F94-522C-4C2A-9FCE-56828AF23C8B}.DLL Unicode Release.Build.0 = Release|Win32
		{16326F94-522C-4C2A-9FCE-56828AF23C8B}.DLL Universal Debug.ActiveCfg = Debug|Win32
		{16326F94-522C-4C2A-9FCE-56828AF23C8B}.DLL Universal Debug.Build.0 = Debug|Win32
		{16326F94-522C-4C2A-9FCE-56828AF23C8B}.DLL Universal Release.ActiveCfg = Release|Win32
		{16326F94-522C-4C2A-9FCE-56828AF23C8B}.DLL Universal Release.Build.0 = Release|Win32
		{16326F94-522C-4C2A-9FCE-56828AF23C8B}.DLL Universal Unicode Debug.ActiveCfg = Debug|Win32
		{16326F94-522C-4C2A-9FCE-56828AF23C8B}.DLL Universal Unicode Debug.Build.0 = Debug|Win32
		{16326F94-522C-4C2A-9FCE-56828AF23C8B}.DLL Universal Unicode Release.ActiveCfg = Release|Win32
		{16326F94-522C-4C2A-9FCE-56828AF23C8B}.DLL Universal Unicode Release.Build.0 = Release|Win32
		{16326F94-522C-4C2A-9FCE-56828AF23C8B}.Release.ActiveCfg = Release|Win32
		{16326F94-522C-4C2A-9FCE-56828AF23C8B}.Release.Build.0 = Release|Win32
		{16326F94-522C-4C2A-9FCE-56828AF23C8B}.Unicode Debug.ActiveCfg = Debug|Win32
		{16326F94-522C-4C2A-9FCE-56828AF23C8B}.Unicode Debug.Build.0 = Debug|Win32
		{16326F94-522C-4C2A-9FCE-56828AF23C8B}.Unicode Release.ActiveCfg = Release|Win32
		{16326F94-522C-4C2A-9FCE-56828AF23C8B}.Unicode Release.Build.0 = Release|Win32
		{16326F94-522C-4C2A-9FCE-56828AF23C8B}.Universal Debug.ActiveCfg = Debug|Win32
		{16326F94-522C-4C2A-9FCE-56828AF23C8B}.Universal Debug.Build.0 = Debug|Win32
		{16326F94-522C-4C2A-9FCE-56828AF23C8B}.Universal Release.ActiveCfg = Release|Win32
		{16326F94-522C-4C2A-9FCE-56828AF23C8B}.Universal Release.Build.0 = Release|Win32
		{16326F94-522C-4C2A-9FCE-56828AF23C8B}.Universal Unicode Debug.ActiveCfg = Debug|Win32
		{16326F94-522C-4C2A-9FCE-56828AF23C8B}.Universal Unicode Debug.Build.0 = Debug|Win32
		{16326F94-522C-4C2A-9FCE-56828AF23C8B}.Universal Unicode Release.ActiveCfg = Release|Win32
		{16326F94-522C-4C2A-9FCE-56828AF23C8B}.Universal Unicode Release.Build.0 = Release|Win32
		{45AFC99C-232B-45F6-B0D8-6697D4306366}.Debug.ActiveCfg = Debug|Win32
		{45AFC99C-232B-45F6-B0D8-6697D4306366}.Debug.Build.0 = Debug|Win32
		{45AFC99C-232B-45F6-B0D8-6697D4306366}.DLL Debug.ActiveCfg = Debug|Win32
		{45AFC99C-232B-45F6-B0D8-6697D4306366}.DLL Debug.Build.0 = Debug|Win32
		{45AFC99C-232B-45F6-B0D8-6697D4306366}.DLL Release.ActiveCfg = Release|Win32
		{45AFC99C-232B-45F6-B0D8-6697D4306366}.DLL Release.Build.0 = Release|Win32
		{45AFC99C-232B-45F6-B0D8-6697D4306366}.DLL Unicode Debug.ActiveCfg = Debug|Win32
		{45AFC99C-232B-45F6-B0D8-6697D4306366}.DLL Unicode Debug.Build.0 = Debug|Win32
		{45AFC99C-232B-45F6-B0D8-6697D4306366}.DLL Unicode Release.ActiveCfg = Release|Win32
		{45AFC99C-232B-45F6-B0D8-6697D4306366}.DLL Unicode Release.Build.0 = Release|Win32
		{45AFC99C-232B-45F6-B0D8-6697D4306366}.DLL Universal Debug.ActiveCfg = Debug|Win32
		{45AFC99C-232B-45F6-B0D8-6697D4306366}.DLL Universal Debug.Build.0 = Debug|Win32
		{45AFC99C-232B-45F6-B0D8-6697D4306366}.DLL Universal Release.ActiveCfg = Release|Win32
		{45AFC99C-232B-45F6-B0D8-6697D4306366}.DLL Universal Release.Build.0 = Release|Win32
		{45AFC99C-232B-45F6-B0D8-6697D4306366}.DLL Universal Unicode Debug.ActiveCfg = Debug|Win32
		{45AFC99C-232B-45F6-B0D8-6697D4306366}.DLL Universal Unicode Debug.Build.0 = Debug|Win32
		{45AFC99C-232B-45F6-B0D8-6697D4306366}.DLL Universal Unicode Release.ActiveCfg = Release|Win32
		{45AFC99C-232B-45F6-B0D8-6697D4306366}.DLL Universal Unicode Release.Build.0 = Release|Win32
		{45AFC99C-232B-45F6-B0D8-6697D4306366}.Release.ActiveCfg = Release|Win32
		{45AFC99C-232B-45F6-B0D8-6697D4306366}.Release.Build.0 = Release|Win32
		{45AFC99C-232B-45F6-B0D8-6697D4306366}.Unicode Debug.ActiveCfg = Debug|Win32
		{45AFC99C-232B-45F6-B0D8-6697D4306366}.Unicode Debug.Build.0 = Debug|Win32
		{45AFC99C-232B-45F6-B0D8-6697D4306366}.Unicode Release.ActiveCfg = Release|Win32
		{45AFC99C-232B-45F6-B0D8-6697D4306366}.Unicode Release.Build.0 = Release|Win32
		{45AFC99C-232B-45F6-B0D8-6697D4306366}.Universal Debug.ActiveCfg = Debug|Win32
		{45AFC99C-232B-45F6-B0D8-6697D4306366}.Universal Debug.Build.0 = Debug|Win32
		{45AFC99C-232B-45F6-B0D8-6697D4306366}.Universal Release.ActiveCfg = Release|Win32
		{45AFC99C-232B-45F6-B0D8-6697D4306366}.Universal Release.Build.0 = Release|Win32
		{45AFC99C-232B-45F6-B0D8-6697D4306366}.Universal Unicode Debug.ActiveCfg = Debug|Win32
		{45AFC99C-232B-45F6-B0D8-6697D4306366}.Universal Unicode Debug.Build.0 = Debug|Win32
		{45AFC99C-232B-45F6-B0D8-6697D4306366}.Universal Unicode Release.ActiveCfg = Release|Win32
		{45AFC99C-232B-45F6-B0D8-6697D4306366}.Universal Unicode Release.Build.0 = Release|Win32
		{EDC0A2BE-50FE-4DE2-ADD6-DC87F4FBCDCC}.Debug.ActiveCfg = Debug|Win32
		{EDC0A2BE-50FE-4DE2-ADD6-DC87F4FBCDCC}.Debug.Build.0 = Debug|Win32
		{EDC0A2BE-50FE-4DE2-ADD6-DC87F4FBCDCC}.DLL Debug.ActiveCfg = Debug|Win32
		{EDC0A2BE-50FE-4DE2-ADD6-DC87F4FBCDCC}.DLL Debug.Build.0 = Debug|Win32
		{EDC0A2BE-50FE-4DE2-ADD6-DC87F4FBCDCC}.DLL Release.ActiveCfg = Release|Win32
		{EDC0A2BE-50FE-4DE2-ADD6-DC87F4FBCDCC}.DLL Release.Build.0 = Release|Win32
		{EDC0A2BE-50FE-4DE2-ADD6-DC87F4FBCDCC}.DLL Unicode Debug.ActiveCfg = Debug|Win32
		{EDC0A2BE-50FE-4DE2-ADD6-DC87F4FBCDCC}.DLL Unicode Debug.Build.0 = Debug|Win32
		{EDC0A2BE-50FE-4DE2-ADD6-DC87F4FBCDCC}.DLL Unicode Release.ActiveCfg = Release|Win32
		{EDC0A2BE-50FE-4DE2-ADD6-DC87F4FBCDCC}.DLL Unicode Release.Build.0 = Release|Win32
		{EDC0A2BE-50FE-4DE2-ADD6-DC87F4FBCDCC}.DLL Universal Debug.ActiveCfg = Debug|Win32
		{EDC0A2BE-50FE-4DE2-ADD6-DC87F4FBCDCC}.DLL Universal Debug.Build.0 = Debug|Win32
		{EDC0A2BE-50FE-4DE2-ADD6-DC87F4FBCDCC}.DLL Universal Release.ActiveCfg = Release|Win32
		{EDC0A2BE-50FE-4DE2-ADD6-DC87F4FBCDCC}.DLL Universal Release.Build.0 = Release|Win32
		{EDC0A2BE-50FE-4DE2-ADD6-DC87F4FBCDCC}.DLL Universal Unicode Debug.ActiveCfg = Debug|Win32
		{EDC0A2BE-50FE-4DE2-ADD6-DC87F4FBCDCC}.DLL Universal Unicode Debug.Build.0 = Debug|Win32
		{EDC0A2BE-50FE-4DE2-ADD6-DC87F4FBCDCC}.DLL Universal Unicode Release.ActiveCfg = Release|Win32
		{EDC0A2BE-50FE-4DE2-ADD6-DC87F4FBCDCC}.DLL Universal Unicode Release.Build.0 = Release|Win32
		{EDC0A2BE-50FE-4DE2-ADD6-DC87F4FBCDCC}.Release.ActiveCfg = Release|Win32
		{EDC0A2BE-50FE-4DE2-ADD6-DC87F4FBCDCC}.Release.Build.0 = Release|Win32
		{EDC0A2BE-50FE-4DE2-ADD6-DC87F4FBCDCC}.Unicode Debug.ActiveCfg = Debug|Win32
		{EDC0A2BE-50FE-4DE2-ADD6-DC87F4FBCDCC}.Unicode Debug.Build.0 = Debug|Win32
		{EDC0A2BE-50FE-4DE2-ADD6-DC87F4FBCDCC}.Unicode Release.ActiveCfg = Release|Win32
		{EDC0A2BE-50FE-4DE2-ADD6-DC87F4FBCDCC}.Unicode Release.Build.0 = Release|Win32
		{EDC0A2BE-50FE-4DE2-ADD6-DC87F4FBCDCC}.Universal Debug.ActiveCfg = Debug|Win32
		{EDC0A2BE-50FE-4DE2-ADD6-DC87F4FBCDCC}.Universal Debug.Build.0 = Debug|Win32
		{EDC0A2BE-50FE-4DE2-ADD6-DC87F4FBCDCC}.Universal Release.ActiveCfg = Release|Win32
		{EDC0A2BE-50FE-4DE2-ADD6-DC87F4FBCDCC}.Universal Release.Build.0 = Release|Win32
		{EDC0A2BE-50FE-4DE2-ADD6-DC87F4FBCDCC}.Universal Unicode Debug.ActiveCfg = Debug|Win32
		{EDC0A2BE-50FE-4DE2-ADD6-DC87F4FBCDCC}.Universal Unicode Debug.Build.0 = Debug|Win32
		{EDC0A2BE-50FE-4DE2-ADD6-DC87F4FBCDCC}.Universal Unicode Release.ActiveCfg = Release|Win32
		{EDC0A2BE-50FE-4DE2-ADD6-DC87F4FBCDCC}.Universal Unicode Release.Build.0 = Release|Win32
		{C8CB8921-29D3-4192-9242-9931CE86F68E}.Debug.ActiveCfg = Debug|Win32
		{C8CB8921-29D3-4192-9242-9931CE86F68E}.Debug.Build.0 = Debug|Win32
		{C8CB8921-29D3-4192-9242-9931CE86F68E}.DLL Debug.ActiveCfg = Debug|Win32
		{C8CB8921-29D3-4192-9242-9931CE86F68E}.DLL Debug.Build.0 = Debug|Win32
		{C8CB8921-29D3-4192-9242-9931CE86F68E}.DLL Release.ActiveCfg = Release|Win32
		{C8CB8921-29D3-4192-9242-9931CE86F68E}.DLL Release.Build.0 = Release|Win32
		{C8CB8921-29D3-4192-9242-9931CE86F68E}.DLL Unicode Debug.ActiveCfg = Debug|Win32
		{C8CB8921-29D3-4192-9242-9931CE86F68E}.DLL Unicode Debug.Build.0 = Debug|Win32
		{C8CB8921-29D3-4192-9242-9931CE86F68E}.DLL Unicode Release.ActiveCfg = Release|Win32
		{C8CB8921-29D3-4192-9242-9931CE86F68E}.DLL Unicode Release.Build.0 = Release|Win32
		{C8CB8921-29D3-4192-9242-9931CE86F68E}.DLL Universal Debug.ActiveCfg = Debug|Win32
		{C8CB8921-29D3-4192-9242-9931CE86F68E}.DLL Universal Debug.Build.0 = Debug|Win32
		{C8CB8921-29D3-4192-9242-9931CE86F68E}.DLL Universal Release.ActiveCfg = Release|Win32
		{C8CB8921-29D3-4192-9242-9931CE86F68E}.DLL Universal Release.Build.0 = Release|Win32
		{C8CB8921-29D3-4192-9242-9931CE86F68E}.DLL Universal Unicode Debug.ActiveCfg = Debug|Win32
		{C8CB8921-29D3-4192-9242-9931CE86F68E}.DLL Universal Unicode Debug.Build.0 = Debug|Win32
		{C8CB8921-29D3-4192-9242-9931CE86F68E}.DLL Universal Unicode Release.ActiveCfg = Release|Win32
		{C8CB8921-29D3-4192-9242-9931CE86F68E}.DLL Universal Unicode Release.Build.0 = Release|Win32
		{C8CB8921-29D3-4192-9242-9931CE86F68E}.Release.ActiveCfg = Release|Win32
		{C8CB8921-29D3-4192-9242-9931CE86F68E}.Release.Build.0 = Release|Win32
		{C8CB8921-29D3-4192-9242-9931CE86F68E}.Unicode Debug.ActiveCfg = Debug|Win32
		{C8CB8921-29D3-4192-9242-9931CE86F68E}.Unicode Debug.Build.0 = Debug|Win32
		{C8CB8921-29D3-4192-9242-9931CE86F68E}.Unicode Release.ActiveCfg = Release|Win32
		{C8CB8921-29D3-4192-9242-9931CE86F68E}.Unicode Release.Build.0 = Release|Win32
		{C8CB8921-29D3-4192-9242-9931CE86F68E}.Universal Debug.ActiveCfg = Debug|Win32
		{C8CB8921-29D3-4192-9242-9931CE86F68E}.Universal Debug.Build.0 = Debug|Win32
		{C8CB8921-29D3-4192-9242-9931CE86F68E}.Universal Release.ActiveCfg = Release|Win32
		{C8CB8921-29D3-4192-9242-9931CE86F68E}.Universal Release.Build.0 = Release|Win32
		{C8CB8921-29D3-4192-9242-9931CE86F68E}.Universal Unicode Debug.ActiveCfg = Debug|Win32
		{C8CB8921-29D3-4192-9242-9931CE86F68E}.Universal Unicode Debug.Build.0 = Debug|Win32
		{C8CB8921-29D3-4192-9242-9931CE86F68E}.Universal Unicode Release.ActiveCfg = Release|Win32
		{C8CB8921-29D3-4192-9242-9931CE86F68E}.Universal Unicode Release.Build.0 = Release|Win32
		{130CC431-5239-445E-AB84-942153A5262D}.Debug.ActiveCfg = Debug|Win32
		{130CC431-5239-445E-AB84-942153A5262D}.Debug.Build.0 = Debug|Win32
		{130CC431-5239-445E-AB84-942153A5262D}.DLL Debug.ActiveCfg = Debug|Win32
		{130CC431-5239-445E-AB84-942153A5262D}.DLL Debug.Build.0 = Debug|Win32
		{130CC431-5239-445E-AB84-942153A5262D}.DLL Release.ActiveCfg = Release|Win32
		{130CC431-5239-445E-AB84-942153A5262D}.DLL Release.Build.0 = Release|Win32
		{130CC431-5239-445E-AB84-942153A5262D}.DLL Unicode Debug.ActiveCfg = Debug|Win32
		{130CC431-5239-445E-AB84-942153A5262D}.DLL Unicode Debug.Build.0 = Debug|Win32
		{130CC431-5239-445E-AB84-942153A5262D}.DLL Unicode Release.ActiveCfg = Release|Win32
		{130CC431-5239-445E-AB84-942153A5262D}.DLL Unicode Release.Build.0 = Release|Win32
		{130CC431-5239-445E-AB84-942153A5262D}.DLL Universal Debug.ActiveCfg = Debug|Win32
		{130CC431-5239-445E-AB84-942153A5262D}.DLL Universal Debug.Build.0 = Debug|Win32
		{130CC431-5239-445E-AB84-942153A5262D}.DLL Universal Release.ActiveCfg = Release|Win32
		{130CC431-5239-445E-AB84-942153A5262D}.DLL Universal Release.Build.0 = Release|Win32
		{130CC431-5239-445E-AB84-942153A5262D}.DLL Universal Unicode Debug.ActiveCfg = Debug|Win32
		{130CC431-5239-445E-AB84-942153A5262D}.DLL Universal Unicode Debug.Build.0 = Debug|Win32
		{130CC431-5239-445E-AB84-942153A5262D}.DLL Universal Unicode Release.ActiveCfg = Release|Win32
		{130CC431-5239-445E-AB84-942153A5262D}.DLL Universal Unicode Release.Build.0 = Release|Win32
		{130CC431-5239-445E-AB84-942153A5262D}.Release.ActiveCfg = Release|Win32
		{130CC431-5239-445E-AB84-942153A5262D}.Release.Build.0 = Release|Win32
		{130CC431-5239-445E-AB84-942153A5262D}.Unicode Debug.ActiveCfg = Debug|Win32
		{130CC431-5239-445E-AB84-942153A5262D}.Unicode Debug.Build.0 = Debug|Win32
		{130CC431-5239-445E-AB84-942153A5262D}.Unicode Release.ActiveCfg = Release|Win32
		{130CC431-5239-445E-AB84-942153A5262D}.Unicode Release.Build.0 = Release|Win32
		{130CC431-5239-445E-AB84-942153A5262D}.Universal Debug.ActiveCfg = Debug|Win32
		{130CC431-5239-445E-AB84-942153A5262D}.Universal Debug.Build.0 = Debug|Win32
		{130CC431-5239-445E-AB84-942153A5262D}.Universal Release.ActiveCfg = Release|Win32
		{130CC431-5239-445E-AB84-942153A5262D}.Universal Release.Build.0 = Release|Win32
		{130CC431-5239-445E-AB84-942153A5262D}.Universal Unicode Debug.ActiveCfg = Debug|Win32
		{130CC431-5239-445E-AB84-942153A5262D}.Universal Unicode Debug.Build.0 = Debug|Win32
		{130CC431-5239-445E-AB84-942153A5262D}.Universal Unicode Release.ActiveCfg = Release|Win32
		{130CC431-5239-445E-AB84-942153A5262D}.Universal Unicode Release.Build.0 = Release|Win32
		{52496ADB-E7DD-4518-9BDF-BE8D5D7AC316}.Debug.ActiveCfg = Debug|Win32
		{52496ADB-E7DD-4518-9BDF-BE8D5D7AC316}.Debug.Build.0 = Debug|Win32
		{52496ADB-E7DD-4518-9BDF-BE8D5D7AC316}.DLL Debug.ActiveCfg = Debug|Win32
		{52496ADB-E7DD-4518-9BDF-BE8D5D7AC316}.DLL Debug.Build.0 = Debug|Win32
		{52496ADB-E7DD-4518-9BDF-BE8D5D7AC316}.DLL Release.ActiveCfg = Release|Win32
		{52496ADB-E7DD-4518-9BDF-BE8D5D7AC316}.DLL Release.Build.0 = Release|Win32
		{52496ADB-E7DD-4518-9BDF-BE8D5D7AC316}.DLL Unicode Debug.ActiveCfg = Debug|Win32
		{52496ADB-E7DD-4518-9BDF-BE8D5D7AC316}.DLL Unicode Debug.Build.0 = Debug|Win32
		{52496ADB-E7DD-4518-9BDF-BE8D5D7AC316}.DLL Unicode Release.ActiveCfg = Release|Win32
		{52496ADB-E7DD-4518-9BDF-BE8D5D7AC316}.DLL Unicode Release.Build.0 = Release|Win32
		{52496ADB-E7DD-4518-9BDF-BE8D5D7AC316}.DLL Universal Debug.ActiveCfg = Debug|Win32
		{52496ADB-E7DD-4518-9BDF-BE8D5D7AC316}.DLL Universal Debug.Build.0 = Debug|Win32
		{52496ADB-E7DD-4518-9BDF-BE8D5D7AC316}.DLL Universal Release.ActiveCfg = Release|Win32
		{52496ADB-E7DD-4518-9BDF-BE8D5D7AC316}.DLL Universal Release.Build.0 = Release|Win32
		{52496ADB-E7DD-4518-9BDF-BE8D5D7AC316}.DLL Universal Unicode Debug.ActiveCfg = Debug|Win32
		{52496ADB-E7DD-4518-9BDF-BE8D5D7AC316}.DLL Universal Unicode Debug.Build.0 = Debug|Win32
		{52496ADB-E7DD-4518-9BDF-BE8D5D7AC316}.DLL Universal Unicode Release.ActiveCfg = Release|Win32
		{52496ADB-E7DD-4518-9BDF-BE8D5D7AC316}.DLL Universal Unicode Release.Build.0 = Release|Win32
		{52496ADB-E7DD-4518-9BDF-BE8D5D7AC316}.Release.ActiveCfg = Release|Win32
		{52496ADB-E7DD-4518-9BDF-BE8D5D7AC316}.Release.Build.0 = Release|Win32
		{52496ADB-E7DD-4518-9BDF-BE8D5D7AC316}.Unicode Debug.ActiveCfg = Debug|Win32
		{52496ADB-E7DD-4518-9BDF-BE8D5D7AC316}.Unicode Debug.Build.0 = Debug|Win32
		{52496ADB-E7DD-4518-9BDF-BE8D5D7AC316}.Unicode Release.ActiveCfg = Release|Win32
		{52496ADB-E7DD-4518-9BDF-BE8D5D7AC316}.Unicode Release.Build.0 = Release|Win32
		{52496ADB-E7DD-4518-9BDF-BE8D5D7AC316}.Universal Debug.ActiveCfg = Debug|Win32
		{52496ADB-E7DD-4518-9BDF-BE8D5D7AC316}.Universal Debug.Build.0 = Debug|Win32
		{52496ADB-E7DD-4518-9BDF-BE8D5D7AC316}.Universal Release.ActiveCfg = Release|Win32
		{52496ADB-E7DD-4518-9BDF-BE8D5D7AC316}.Universal Release.Build.0 = Release|Win32
		{52496ADB-E7DD-4518-9BDF-BE8D5D7AC316}.Universal Unicode Debug.ActiveCfg = Debug|Win32
		{52496ADB-E7DD-4518-9BDF-BE8D5D7AC316}.Universal Unicode Debug.Build.0 = Debug|Win32
		{52496ADB-E7DD-4518-9BDF-BE8D5D7AC316}.Universal Unicode Release.ActiveCfg = Release|Win32
		{52496ADB-E7DD-4518-9BDF-BE8D5D7AC316}.Universal Unicode Release.Build.0 = Release|Win32
		{FCF6D538-EE93-4EA4-B895-B54FB966A5EA}.Debug.ActiveCfg = Debug|Win32
		{FCF6D538-EE93-4EA4-B895-B54FB966A5EA}.Debug.Build.0 = Debug|Win32
		{FCF6D538-EE93-4EA4-B895-B54FB966A5EA}.DLL Debug.ActiveCfg = Debug|Win32
		{FCF6D538-EE93-4EA4-B895-B54FB966A5EA}.DLL Debug.Build.0 = Debug|Win32
		{FCF6D538-EE93-4EA4-B895-B54FB966A5EA}.DLL Release.ActiveCfg = Release|Win32
		{FCF6D538-EE93-4EA4-B895-B54FB966A5EA}.DLL Release.Build.0 = Release|Win32
		{FCF6D538-EE93-4EA4-B895-B54FB966A5EA}.DLL Unicode Debug.ActiveCfg = Debug|Win32
		{FCF6D538-EE93-4EA4-B895-B54FB966A5EA}.DLL Unicode Debug.Build.0 = Debug|Win32
		{FCF6D538-EE93-4EA4-B895-B54FB966A5EA}.DLL Unicode Release.ActiveCfg = Release|Win32
		{FCF6D538-EE93-4EA4-B895-B54FB966A5EA}.DLL Unicode Release.Build.0 = Release|Win32
		{FCF6D538-EE93-4EA4-B895-B54FB966A5EA}.DLL Universal Debug.ActiveCfg = Debug|Win32
		{FCF6D538-EE93-4EA4-B895-B54FB966A5EA}.DLL Universal Debug.Build.0 = Debug|Win32
		{FCF6D538-EE93-4EA4-B895-B54FB966A5EA}.DLL Universal Release.ActiveCfg = Release|Win32
		{FCF6D538-EE93-4EA4-B895-B54FB966A5EA}.DLL Universal Release.Build.0 = Release|Win32
		{FCF6D538-EE93-4EA4-B895-B54FB966A5EA}.DLL Universal Unicode Debug.ActiveCfg = Debug|Win32
		{FCF6D538-EE93-4EA4-B895-B54FB966A5EA}.DLL Universal Unicode Debug.Build.0 = Debug|Win32
		{FCF6D538-EE93-4EA4-B895-B54FB966A5EA}.DLL Universal Unicode Release.ActiveCfg = Release|Win32
		{FCF6D538-EE93-4EA4-B895-B54FB966A5EA}.DLL Universal Unicode Release.Build.0 = Release|Win32
		{FCF6D538-EE93-4EA4-B895-B54FB966A5EA}.Release.ActiveCfg = Release|Win32
		{FCF6D538-EE93-4EA4-B895-B54FB966A5EA}.Release.Build.0 = Release|Win32
		{FCF6D538-EE93-4EA4-B895-B54FB966A5EA}.Unicode Debug.ActiveCfg = Debug|Win32
		{FCF6D538-EE93-4EA4-B895-B54FB966A5EA}.Unicode Debug.Build.0 = Debug|Win32
		{FCF6D538-EE93-4EA4-B895-B54FB966A5EA}.Unicode Release.ActiveCfg = Release|Win32
		{FCF6D538-EE93-4EA4-B895-B54FB966A5EA}.Unicode Release.Build.0 = Release|Win32
		{FCF6D538-EE93-4EA4-B895-B54FB966A5EA}.Universal Debug.ActiveCfg = Debug|Win32
		{FCF6D538-EE93-4EA4-B895-B54FB966A5EA}.Universal Debug.Build.0 = Debug|Win32
		{FCF6D538-EE93-4EA4-B895-B54FB966A5EA}.Universal Release.ActiveCfg = Release|Win32
		{FCF6D538-EE93-4EA4-B895-B54FB966A5EA}.Universal Release.Build.0 = Release|Win32
		{FCF6D538-EE93-4EA4-B895-B54FB966A5EA}.Universal Unicode Debug.ActiveCfg = Debug|Win32
		{FCF6D538-EE93-4EA4-B895-B54FB966A5EA}.Universal Unicode Debug.Build.0 = Debug|Win32
		{FCF6D538-EE93-4EA4-B895-B54FB966A5EA}.Universal Unicode Release.ActiveCfg = Release|Win32
		{FCF6D538-EE93-4EA4-B895-B54FB966A5EA}.Universal Unicode Release.Build.0 = Release|Win32
		{938C1BE6-F759-44BB-85C2-60FC413D5AD2}.Debug.ActiveCfg = Debug|Win32
		{938C1BE6-F759-44BB-85C2-60FC413D5AD2}.Debug.Build.0 = Debug|Win32
		{938C1BE6-F759-44BB-85C2-60FC413D5AD2}.DLL Debug.ActiveCfg = Debug|Win32
		{938C1BE6-F759-44BB-85C2-60FC413D5AD2}.DLL Debug.Build.0 = Debug|Win32
		{938C1BE6-F759-44BB-85C2-60FC413D5AD2}.DLL Release.ActiveCfg = Release|Win32
		{938C1BE6-F759-44BB-85C2-60FC413D5AD2}.DLL Release.Build.0 = Release|Win32
		{938C1BE6-F759-44BB-85C2-60FC413D5AD2}.DLL Unicode Debug.ActiveCfg = Debug|Win32
		{938C1BE6-F759-44BB-85C2-60FC413D5AD2}.DLL Unicode Debug.Build.0 = Debug|Win32
		{938C1BE6-F759-44BB-85C2-60FC413D5AD2}.DLL Unicode Release.ActiveCfg = Release|Win32
		{938C1BE6-F759-44BB-85C2-60FC413D5AD2}.DLL Unicode Release.Build.0 = Release|Win32
		{938C1BE6-F759-44BB-85C2-60FC413D5AD2}.DLL Universal Debug.ActiveCfg = Debug|Win32
		{938C1BE6-F759-44BB-85C2-60FC413D5AD2}.DLL Universal Debug.Build.0 = Debug|Win32
		{938C1BE6-F759-44BB-85C2-60FC413D5AD2}.DLL Universal Release.ActiveCfg = Release|Win32
		{938C1BE6-F759-44BB-85C2-60FC413D5AD2}.DLL Universal Release.Build.0 = Release|Win32
		{938C1BE6-F759-44BB-85C2-60FC413D5AD2}.DLL Universal Unicode Debug.ActiveCfg = Debug|Win32
		{938C1BE6-F759-44BB-85C2-60FC413D5AD2}.DLL Universal Unicode Debug.Build.0 = Debug|Win32
		{938C1BE6-F759-44BB-85C2-60FC413D5AD2}.DLL Universal Unicode Release.ActiveCfg = Release|Win32
		{938C1BE6-F759-44BB-85C2-60FC413D5AD2}.DLL Universal Unicode Release.Build.0 = Release|Win32
		{938C1BE6-F759-44BB-85C2-60FC413D5AD2}.Release.ActiveCfg = Release|Win32
		{938C1BE6-F759-44BB-85C2-60FC413D5AD2}.Release.Build.0 = Release|Win32
		{938C1BE6-F759-44BB-85C2-60FC413D5AD2}.Unicode Debug.ActiveCfg = Debug|Win32
		{938C1BE6-F759-44BB-85C2-60FC413D5AD2}.Unicode Debug.Build.0 = Debug|Win32
		{938C1BE6-F759-44BB-85C2-60FC413D5AD2}.Unicode Release.ActiveCfg = Release|Win32
		{938C1BE6-F759-44BB-85C2-60FC413D5AD2}.Unicode Release.Build.0 = Release|Win32
		{938C1BE6-F759-44BB-85C2-60FC413D5AD2}.Universal Debug.ActiveCfg = Debug|Win32
		{938C1BE6-F759-44BB-85C2-60FC413D5AD2}.Universal Debug.Build.0 = Debug|Win32
		{938C1BE6-F759-44BB-85C2-60FC413D5AD2}.Universal Release.ActiveCfg = Release|Win32
		{938C1BE6-F759-44BB-85C2-60FC413D5AD2}.Universal Release.Build.0 = Release|Win32
		{938C1BE6-F759-44BB-85C2-60FC413D5AD2}.Universal Unicode Debug.ActiveCfg = Debug|Win32
		{938C1BE6-F759-44BB-85C2-60FC413D5AD2}.Universal Unicode Debug.Build.0 = Debug|Win32
		{938C1BE6-F759-44BB-85C2-60FC413D5AD2}.Universal Unicode Release.ActiveCfg = Release|Win32
		{938C1BE6-F759-44BB-85C2-60FC413D5AD2}.Universal Unicode Release.Build.0 = Release|Win32
	EndGlobalSection
	GlobalSection(ExtensibilityGlobals) = postSolution
	EndGlobalSection
	GlobalSection(ExtensibilityAddIns) = postSolution
	EndGlobalSection
EndGlobal
