<?xml version="1.0" encoding="utf-8"?>
<Project ToolsVersion="4.0" xmlns="http://schemas.microsoft.com/developer/msbuild/2003">
  <ItemGroup>
    <Filter Include="Source Files">
      <UniqueIdentifier>{426771aa-e1fb-4d93-9dbe-3dd3115b7157}</UniqueIdentifier>
      <Extensions>cpp;c;cxx;rc;def;r;odl;idl;hpj;bat</Extensions>
    </Filter>
    <Filter Include="Header Files">
      <UniqueIdentifier>{ef5069ae-6c9a-4782-ba41-1879edf0f97f}</UniqueIdentifier>
      <Extensions>h;hpp;hxx;hm;inl</Extensions>
    </Filter>
  </ItemGroup>
  <ItemGroup>
    <ClCompile Include="IccApplyBPC.cpp">
      <Filter>Source Files</Filter>
    </ClCompile>
    <ClCompile Include="IccCmm.cpp">
      <Filter>Source Files</Filter>
    </ClCompile>
    <ClCompile Include="IccConvertUTF.cpp">
      <Filter>Source Files</Filter>
    </ClCompile>
    <ClCompile Include="IccEval.cpp">
      <Filter>Source Files</Filter>
    </ClCompile>
    <ClCompile Include="IccIO.cpp">
      <Filter>Source Files</Filter>
    </ClCompile>
    <ClCompile Include="IccMpeACS.cpp">
      <Filter>Source Files</Filter>
    </ClCompile>
    <ClCompile Include="IccMpeBasic.cpp">
      <Filter>Source Files</Filter>
    </ClCompile>
    <ClCompile Include="IccMpeFactory.cpp">
      <Filter>Source Files</Filter>
    </ClCompile>
    <ClCompile Include="IccPrmg.cpp">
      <Filter>Source Files</Filter>
    </ClCompile>
    <ClCompile Include="IccProfile.cpp">
      <Filter>Source Files</Filter>
    </ClCompile>
    <ClCompile Include="IccTagBasic.cpp">
      <Filter>Source Files</Filter>
    </ClCompile>
    <ClCompile Include="IccTagDict.cpp">
      <Filter>Source Files</Filter>
    </ClCompile>
    <ClCompile Include="IccTagFactory.cpp">
      <Filter>Source Files</Filter>
    </ClCompile>
    <ClCompile Include="IccTagLut.cpp">
      <Filter>Source Files</Filter>
    </ClCompile>
    <ClCompile Include="IccTagMPE.cpp">
      <Filter>Source Files</Filter>
    </ClCompile>
    <ClCompile Include="IccTagProfSeqId.cpp">
      <Filter>Source Files</Filter>
    </ClCompile>
    <ClCompile Include="IccUtil.cpp">
      <Filter>Source Files</Filter>
    </ClCompile>
    <ClCompile Include="IccXformFactory.cpp">
      <Filter>Source Files</Filter>
    </ClCompile>
    <ClCompile Include="md5.cpp">
      <Filter>Source Files</Filter>
    </ClCompile>
  </ItemGroup>
  <ItemGroup>
    <ClInclude Include="IccApplyBPC.h">
      <Filter>Header Files</Filter>
    </ClInclude>
    <ClInclude Include="IccCmm.h">
      <Filter>Header Files</Filter>
    </ClInclude>
    <ClInclude Include="IccConvertUTF.h">
      <Filter>Header Files</Filter>
    </ClInclude>
    <ClInclude Include="IccDefs.h">
      <Filter>Header Files</Filter>
    </ClInclude>
    <ClInclude Include="IccEval.h">
      <Filter>Header Files</Filter>
    </ClInclude>
    <ClInclude Include="IccIO.h">
      <Filter>Header Files</Filter>
    </ClInclude>
    <ClInclude Include="IccMpeACS.h">
      <Filter>Header Files</Filter>
    </ClInclude>
    <ClInclude Include="IccMpeBasic.h">
      <Filter>Header Files</Filter>
    </ClInclude>
    <ClInclude Include="IccMpeFactory.h">
      <Filter>Header Files</Filter>
    </ClInclude>
    <ClInclude Include="IccPrmg.h">
      <Filter>Header Files</Filter>
    </ClInclude>
    <ClInclude Include="IccProfile.h">
      <Filter>Header Files</Filter>
    </ClInclude>
    <ClInclude Include="IccProfLib_CRTDLLConf.h">
      <Filter>Header Files</Filter>
    </ClInclude>
    <ClInclude Include="IccProfLibConf.h">
      <Filter>Header Files</Filter>
    </ClInclude>
    <ClInclude Include="IccProfLibVer.h">
      <Filter>Header Files</Filter>
    </ClInclude>
    <ClInclude Include="IccTag.h">
      <Filter>Header Files</Filter>
    </ClInclude>
    <ClInclude Include="IccTagBasic.h">
      <Filter>Header Files</Filter>
    </ClInclude>
    <ClInclude Include="IccTagDict.h">
      <Filter>Header Files</Filter>
    </ClInclude>
    <ClInclude Include="IccTagFactory.h">
      <Filter>Header Files</Filter>
    </ClInclude>
    <ClInclude Include="IccTagLut.h">
      <Filter>Header Files</Filter>
    </ClInclude>
    <ClInclude Include="IccTagMPE.h">
      <Filter>Header Files</Filter>
    </ClInclude>
    <ClInclude Include="IccTagProfSeqId.h">
      <Filter>Header Files</Filter>
    </ClInclude>
    <ClInclude Include="IccUtil.h">
      <Filter>Header Files</Filter>
    </ClInclude>
    <ClInclude Include="IccXformFactory.h">
      <Filter>Header Files</Filter>
    </ClInclude>
    <ClInclude Include="icProfileHeader.h">
      <Filter>Header Files</Filter>
    </ClInclude>
    <ClInclude Include="MainPage.h">
      <Filter>Header Files</Filter>
    </ClInclude>
    <ClInclude Include="md5.h">
      <Filter>Header Files</Filter>
    </ClInclude>
  </ItemGroup>
  <ItemGroup>
    <Text Include="Readme.txt" />
  </ItemGroup>
</Project>