<?xml version="1.0" encoding="utf-8"?>
<Project ToolsVersion="4.0" xmlns="http://schemas.microsoft.com/developer/msbuild/2003">
  <ItemGroup>
    <Filter Include="Source Files">
      <UniqueIdentifier>{7918df26-42c0-412c-8beb-3d753b939cce}</UniqueIdentifier>
      <Extensions>cpp;c;cxx;rc;def;r;odl;idl;hpj;bat</Extensions>
    </Filter>
    <Filter Include="Header Files">
      <UniqueIdentifier>{69deeb56-fa8e-4897-9ab3-90522cbbb7e5}</UniqueIdentifier>
      <Extensions>h;hpp;hxx;hm;inl</Extensions>
    </Filter>
  </ItemGroup>
  <ItemGroup>
    <ClCompile Include="..\..\OpenGL\Fl_Gl_Choice.cxx">
      <Filter>Source Files</Filter>
    </ClCompile>
    <ClCompile Include="..\..\OpenGL\Fl_Gl_Overlay.cxx">
      <Filter>Source Files</Filter>
    </ClCompile>
    <ClCompile Include="..\..\OpenGL\Fl_Gl_Window.cxx">
      <Filter>Source Files</Filter>
    </ClCompile>
    <ClCompile Include="..\..\OpenGL\gl_draw.cxx">
      <Filter>Source Files</Filter>
    </ClCompile>
    <ClCompile Include="..\..\OpenGL\gl_start.cxx">
      <Filter>Source Files</Filter>
    </ClCompile>
  </ItemGroup>
  <ItemGroup>
    <ClInclude Include="..\..\OpenGL\GlChoice.h">
      <Filter>Header Files</Filter>
    </ClInclude>
    <ClInclude Include="..\..\fltk\GlWindow.h">
      <Filter>Header Files</Filter>
    </ClInclude>
  </ItemGroup>
</Project>