Microsoft Visual Studio Solution File, Format Version 9.00
# Visual Studio 2005
Project("{8BC9CEB8-8B4A-11D0-8D11-00A0C91BC942}") = "IccProfLib", "..\..\IccProfLib\IccProfLib.vcproj", "{A6480823-31F6-41FE-AA64-D11B1AF8B3FF}"
EndProject
Project("{8BC9CEB8-8B4A-11D0-8D11-00A0C91BC942}") = "create_CLUT_profile_from_probe", "..\CmdLine\create_CLUT_profile_from_probe\create_CLUT_profile_from_probe.vcproj", "{663208AE-BA89-4C2D-BC91-12FB1D000585}"
	ProjectSection(ProjectDependencies) = postProject
		{938C1BE6-F759-44BB-85C2-60FC413D5AD2} = {938C1BE6-F759-44BB-85C2-60FC413D5AD2}
		{A6480823-31F6-41FE-AA64-D11B1AF8B3FF} = {A6480823-31F6-41FE-AA64-D11B1AF8B3FF}
	EndProjectSection
EndProject
Project("{8BC9CEB8-8B4A-11D0-8D11-00A0C91BC942}") = "flatten_AToB_tag", "..\tests\flatten_AToB_tag\flatten_AToB_tag.vcproj", "{EDC0A2BE-50FE-4DE2-ADD6-DC87F4FBCDCC}"
	ProjectSection(ProjectDependencies) = postProject
		{A6480823-31F6-41FE-AA64-D11B1AF8B3FF} = {A6480823-31F6-41FE-AA64-D11B1AF8B3FF}
		{938C1BE6-F759-44BB-85C2-60FC413D5AD2} = {938C1BE6-F759-44BB-85C2-60FC413D5AD2}
	EndProjectSection
EndProject
Project("{8BC9CEB8-8B4A-11D0-8D11-00A0C91BC942}") = "generate_device_codes", "..\tests\generate_device_codes\generate_device_codes.vcproj", "{C8CB8921-29D3-4192-9242-9931CE86F68E}"
	ProjectSection(ProjectDependencies) = postProject
		{938C1BE6-F759-44BB-85C2-60FC413D5AD2} = {938C1BE6-F759-44BB-85C2-60FC413D5AD2}
	EndProjectSection
EndProject
Project("{8BC9CEB8-8B4A-11D0-8D11-00A0C91BC942}") = "reconstruct_measurements", "..\tests\reconstruct_measurements\reconstruct_measurements.vcproj", "{130CC431-5239-445E-AB84-942153A5262D}"
	ProjectSection(ProjectDependencies) = postProject
		{938C1BE6-F759-44BB-85C2-60FC413D5AD2} = {938C1BE6-F759-44BB-85C2-60FC413D5AD2}
		{A6480823-31F6-41FE-AA64-D11B1AF8B3FF} = {A6480823-31F6-41FE-AA64-D11B1AF8B3FF}
	EndProjectSection
EndProject
Project("{8BC9CEB8-8B4A-11D0-8D11-00A0C91BC942}") = "round_trip_PCS_LAB", "..\tests\round_trip_PCS_LAB\round_trip_PCS_LAB.vcproj", "{52496ADB-E7DD-4518-9BDF-BE8D5D7AC316}"
	ProjectSection(ProjectDependencies) = postProject
		{A6480823-31F6-41FE-AA64-D11B1AF8B3FF} = {A6480823-31F6-41FE-AA64-D11B1AF8B3FF}
		{938C1BE6-F759-44BB-85C2-60FC413D5AD2} = {938C1BE6-F759-44BB-85C2-60FC413D5AD2}
	EndProjectSection
EndProject
Project("{8BC9CEB8-8B4A-11D0-8D11-00A0C91BC942}") = "create_pretransform_curve", "..\examples\RSR\create_pretransform_curve.vcproj", "{FCF6D538-EE93-4EA4-B895-B54FB966A5EA}"
	ProjectSection(ProjectDependencies) = postProject
		{938C1BE6-F759-44BB-85C2-60FC413D5AD2} = {938C1BE6-F759-44BB-85C2-60FC413D5AD2}
		{A6480823-31F6-41FE-AA64-D11B1AF8B3FF} = {A6480823-31F6-41FE-AA64-D11B1AF8B3FF}
	EndProjectSection
EndProject
Project("{8BC9CEB8-8B4A-11D0-8D11-00A0C91BC942}") = "IccUtilsLib", "..\ICC_utils\ICC_utils.vcproj", "{938C1BE6-F759-44BB-85C2-60FC413D5AD2}"
EndProject
Project("{8BC9CEB8-8B4A-11D0-8D11-00A0C91BC942}") = "create_CLUT_profile", "..\CmdLine\create_CLUT_profile\create_CLUT_profile.vcproj", "{16326F94-522C-4C2A-9FCE-56828AF23C8B}"
	ProjectSection(ProjectDependencies) = postProject
		{938C1BE6-F759-44BB-85C2-60FC413D5AD2} = {938C1BE6-F759-44BB-85C2-60FC413D5AD2}
		{A6480823-31F6-41FE-AA64-D11B1AF8B3FF} = {A6480823-31F6-41FE-AA64-D11B1AF8B3FF}
	EndProjectSection
EndProject
Project("{8BC9CEB8-8B4A-11D0-8D11-00A0C91BC942}") = "create_display_profile", "..\CmdLine\create_display_profile\create_display_profile.vcproj", "{45AFC99C-232B-45F6-B0D8-6697D4306366}"
	ProjectSection(ProjectDependencies) = postProject
		{A6480823-31F6-41FE-AA64-D11B1AF8B3FF} = {A6480823-31F6-41FE-AA64-D11B1AF8B3FF}
		{938C1BE6-F759-44BB-85C2-60FC413D5AD2} = {938C1BE6-F759-44BB-85C2-60FC413D5AD2}
	EndProjectSection
EndProject
Global
	GlobalSection(SolutionConfigurationPlatforms) = preSolution
		Debug|Win32 = Debug|Win32
		DLL Debug|Win32 = DLL Debug|Win32
		DLL Release|Win32 = DLL Release|Win32
		DLL Unicode Debug|Win32 = DLL Unicode Debug|Win32
		DLL Unicode Release|Win32 = DLL Unicode Release|Win32
		DLL Universal Debug|Win32 = DLL Universal Debug|Win32
		DLL Universal Release|Win32 = DLL Universal Release|Win32
		DLL Universal Unicode Debug|Win32 = DLL Universal Unicode Debug|Win32
		DLL Universal Unicode Release|Win32 = DLL Universal Unicode Release|Win32
		Release|Win32 = Release|Win32
		Unicode Debug|Win32 = Unicode Debug|Win32
		Unicode Release|Win32 = Unicode Release|Win32
		Universal Debug|Win32 = Universal Debug|Win32
		Universal Release|Win32 = Universal Release|Win32
		Universal Unicode Debug|Win32 = Universal Unicode Debug|Win32
		Universal Unicode Release|Win32 = Universal Unicode Release|Win32
	EndGlobalSection
	GlobalSection(ProjectConfigurationPlatforms) = postSolution
		{A6480823-31F6-41FE-AA64-D11B1AF8B3FF}.Debug|Win32.ActiveCfg = Debug|Win32
		{A6480823-31F6-41FE-AA64-D11B1AF8B3FF}.DLL Debug|Win32.ActiveCfg = Debug|Win32
		{A6480823-31F6-41FE-AA64-D11B1AF8B3FF}.DLL Release|Win32.ActiveCfg = Release|Win32
		{A6480823-31F6-41FE-AA64-D11B1AF8B3FF}.DLL Unicode Debug|Win32.ActiveCfg = Debug|Win32
		{A6480823-31F6-41FE-AA64-D11B1AF8B3FF}.DLL Unicode Release|Win32.ActiveCfg = Release|Win32
		{A6480823-31F6-41FE-AA64-D11B1AF8B3FF}.DLL Universal Debug|Win32.ActiveCfg = Debug|Win32
		{A6480823-31F6-41FE-AA64-D11B1AF8B3FF}.DLL Universal Release|Win32.ActiveCfg = Release|Win32
		{A6480823-31F6-41FE-AA64-D11B1AF8B3FF}.DLL Universal Unicode Debug|Win32.ActiveCfg = Debug|Win32
		{A6480823-31F6-41FE-AA64-D11B1AF8B3FF}.DLL Universal Unicode Release|Win32.ActiveCfg = Release|Win32
		{A6480823-31F6-41FE-AA64-D11B1AF8B3FF}.Release|Win32.ActiveCfg = Release|Win32
		{A6480823-31F6-41FE-AA64-D11B1AF8B3FF}.Unicode Debug|Win32.ActiveCfg = Debug|Win32
		{A6480823-31F6-41FE-AA64-D11B1AF8B3FF}.Unicode Release|Win32.ActiveCfg = Release|Win32
		{A6480823-31F6-41FE-AA64-D11B1AF8B3FF}.Universal Debug|Win32.ActiveCfg = Debug|Win32
		{A6480823-31F6-41FE-AA64-D11B1AF8B3FF}.Universal Release|Win32.ActiveCfg = Release|Win32
		{A6480823-31F6-41FE-AA64-D11B1AF8B3FF}.Universal Unicode Debug|Win32.ActiveCfg = Debug|Win32
		{A6480823-31F6-41FE-AA64-D11B1AF8B3FF}.Universal Unicode Release|Win32.ActiveCfg = Release|Win32
		{663208AE-BA89-4C2D-BC91-12FB1D000585}.Debug|Win32.ActiveCfg = Debug|Win32
		{663208AE-BA89-4C2D-BC91-12FB1D000585}.Debug|Win32.Build.0 = Debug|Win32
		{663208AE-BA89-4C2D-BC91-12FB1D000585}.DLL Debug|Win32.ActiveCfg = Debug|Win32
		{663208AE-BA89-4C2D-BC91-12FB1D000585}.DLL Debug|Win32.Build.0 = Debug|Win32
		{663208AE-BA89-4C2D-BC91-12FB1D000585}.DLL Release|Win32.ActiveCfg = Release|Win32
		{663208AE-BA89-4C2D-BC91-12FB1D000585}.DLL Release|Win32.Build.0 = Release|Win32
		{663208AE-BA89-4C2D-BC91-12FB1D000585}.DLL Unicode Debug|Win32.ActiveCfg = Debug|Win32
		{663208AE-BA89-4C2D-BC91-12FB1D000585}.DLL Unicode Debug|Win32.Build.0 = Debug|Win32
		{663208AE-BA89-4C2D-BC91-12FB1D000585}.DLL Unicode Release|Win32.ActiveCfg = Release|Win32
		{663208AE-BA89-4C2D-BC91-12FB1D000585}.DLL Unicode Release|Win32.Build.0 = Release|Win32
		{663208AE-BA89-4C2D-BC91-12FB1D000585}.DLL Universal Debug|Win32.ActiveCfg = Debug|Win32
		{663208AE-BA89-4C2D-BC91-12FB1D000585}.DLL Universal Debug|Win32.Build.0 = Debug|Win32
		{663208AE-BA89-4C2D-BC91-12FB1D000585}.DLL Universal Release|Win32.ActiveCfg = Release|Win32
		{663208AE-BA89-4C2D-BC91-12FB1D000585}.DLL Universal Release|Win32.Build.0 = Release|Win32
		{663208AE-BA89-4C2D-BC91-12FB1D000585}.DLL Universal Unicode Debug|Win32.ActiveCfg = Debug|Win32
		{663208AE-BA89-4C2D-BC91-12FB1D000585}.DLL Universal Unicode Debug|Win32.Build.0 = Debug|Win32
		{663208AE-BA89-4C2D-BC91-12FB1D000585}.DLL Universal Unicode Release|Win32.ActiveCfg = Release|Win32
		{663208AE-BA89-4C2D-BC91-12FB1D000585}.DLL Universal Unicode Release|Win32.Build.0 = Release|Win32
		{663208AE-BA89-4C2D-BC91-12FB1D000585}.Release|Win32.ActiveCfg = Release|Win32
		{663208AE-BA89-4C2D-BC91-12FB1D000585}.Release|Win32.Build.0 = Release|Win32
		{663208AE-BA89-4C2D-BC91-12FB1D000585}.Unicode Debug|Win32.ActiveCfg = Debug|Win32
		{663208AE-BA89-4C2D-BC91-12FB1D000585}.Unicode Debug|Win32.Build.0 = Debug|Win32
		{663208AE-BA89-4C2D-BC91-12FB1D000585}.Unicode Release|Win32.ActiveCfg = Release|Win32
		{663208AE-BA89-4C2D-BC91-12FB1D000585}.Unicode Release|Win32.Build.0 = Release|Win32
		{663208AE-BA89-4C2D-BC91-12FB1D000585}.Universal Debug|Win32.ActiveCfg = Debug|Win32
		{663208AE-BA89-4C2D-BC91-12FB1D000585}.Universal Debug|Win32.Build.0 = Debug|Win32
		{663208AE-BA89-4C2D-BC91-12FB1D000585}.Universal Release|Win32.ActiveCfg = Release|Win32
		{663208AE-BA89-4C2D-BC91-12FB1D000585}.Universal Release|Win32.Build.0 = Release|Win32
		{663208AE-BA89-4C2D-BC91-12FB1D000585}.Universal Unicode Debug|Win32.ActiveCfg = Debug|Win32
		{663208AE-BA89-4C2D-BC91-12FB1D000585}.Universal Unicode Debug|Win32.Build.0 = Debug|Win32
		{663208AE-BA89-4C2D-BC91-12FB1D000585}.Universal Unicode Release|Win32.ActiveCfg = Release|Win32
		{663208AE-BA89-4C2D-BC91-12FB1D000585}.Universal Unicode Release|Win32.Build.0 = Release|Win32
		{EDC0A2BE-50FE-4DE2-ADD6-DC87F4FBCDCC}.Debug|Win32.ActiveCfg = Debug|Win32
		{EDC0A2BE-50FE-4DE2-ADD6-DC87F4FBCDCC}.Debug|Win32.Build.0 = Debug|Win32
		{EDC0A2BE-50FE-4DE2-ADD6-DC87F4FBCDCC}.DLL Debug|Win32.ActiveCfg = Debug|Win32
		{EDC0A2BE-50FE-4DE2-ADD6-DC87F4FBCDCC}.DLL Debug|Win32.Build.0 = Debug|Win32
		{EDC0A2BE-50FE-4DE2-ADD6-DC87F4FBCDCC}.DLL Release|Win32.ActiveCfg = Release|Win32
		{EDC0A2BE-50FE-4DE2-ADD6-DC87F4FBCDCC}.DLL Release|Win32.Build.0 = Release|Win32
		{EDC0A2BE-50FE-4DE2-ADD6-DC87F4FBCDCC}.DLL Unicode Debug|Win32.ActiveCfg = Debug|Win32
		{EDC0A2BE-50FE-4DE2-ADD6-DC87F4FBCDCC}.DLL Unicode Debug|Win32.Build.0 = Debug|Win32
		{EDC0A2BE-50FE-4DE2-ADD6-DC87F4FBCDCC}.DLL Unicode Release|Win32.ActiveCfg = Release|Win32
		{EDC0A2BE-50FE-4DE2-ADD6-DC87F4FBCDCC}.DLL Unicode Release|Win32.Build.0 = Release|Win32
		{EDC0A2BE-50FE-4DE2-ADD6-DC87F4FBCDCC}.DLL Universal Debug|Win32.ActiveCfg = Debug|Win32
		{EDC0A2BE-50FE-4DE2-ADD6-DC87F4FBCDCC}.DLL Universal Debug|Win32.Build.0 = Debug|Win32
		{EDC0A2BE-50FE-4DE2-ADD6-DC87F4FBCDCC}.DLL Universal Release|Win32.ActiveCfg = Release|Win32
		{EDC0A2BE-50FE-4DE2-ADD6-DC87F4FBCDCC}.DLL Universal Release|Win32.Build.0 = Release|Win32
		{EDC0A2BE-50FE-4DE2-ADD6-DC87F4FBCDCC}.DLL Universal Unicode Debug|Win32.ActiveCfg = Debug|Win32
		{EDC0A2BE-50FE-4DE2-ADD6-DC87F4FBCDCC}.DLL Universal Unicode Debug|Win32.Build.0 = Debug|Win32
		{EDC0A2BE-50FE-4DE2-ADD6-DC87F4FBCDCC}.DLL Universal Unicode Release|Win32.ActiveCfg = Release|Win32
		{EDC0A2BE-50FE-4DE2-ADD6-DC87F4FBCDCC}.DLL Universal Unicode Release|Win32.Build.0 = Release|Win32
		{EDC0A2BE-50FE-4DE2-ADD6-DC87F4FBCDCC}.Release|Win32.ActiveCfg = Release|Win32
		{EDC0A2BE-50FE-4DE2-ADD6-DC87F4FBCDCC}.Release|Win32.Build.0 = Release|Win32
		{EDC0A2BE-50FE-4DE2-ADD6-DC87F4FBCDCC}.Unicode Debug|Win32.ActiveCfg = Debug|Win32
		{EDC0A2BE-50FE-4DE2-ADD6-DC87F4FBCDCC}.Unicode Debug|Win32.Build.0 = Debug|Win32
		{EDC0A2BE-50FE-4DE2-ADD6-DC87F4FBCDCC}.Unicode Release|Win32.ActiveCfg = Release|Win32
		{EDC0A2BE-50FE-4DE2-ADD6-DC87F4FBCDCC}.Unicode Release|Win32.Build.0 = Release|Win32
		{EDC0A2BE-50FE-4DE2-ADD6-DC87F4FBCDCC}.Universal Debug|Win32.ActiveCfg = Debug|Win32
		{EDC0A2BE-50FE-4DE2-ADD6-DC87F4FBCDCC}.Universal Debug|Win32.Build.0 = Debug|Win32
		{EDC0A2BE-50FE-4DE2-ADD6-DC87F4FBCDCC}.Universal Release|Win32.ActiveCfg = Release|Win32
		{EDC0A2BE-50FE-4DE2-ADD6-DC87F4FBCDCC}.Universal Release|Win32.Build.0 = Release|Win32
		{EDC0A2BE-50FE-4DE2-ADD6-DC87F4FBCDCC}.Universal Unicode Debug|Win32.ActiveCfg = Debug|Win32
		{EDC0A2BE-50FE-4DE2-ADD6-DC87F4FBCDCC}.Universal Unicode Debug|Win32.Build.0 = Debug|Win32
		{EDC0A2BE-50FE-4DE2-ADD6-DC87F4FBCDCC}.Universal Unicode Release|Win32.ActiveCfg = Release|Win32
		{EDC0A2BE-50FE-4DE2-ADD6-DC87F4FBCDCC}.Universal Unicode Release|Win32.Build.0 = Release|Win32
		{C8CB8921-29D3-4192-9242-9931CE86F68E}.Debug|Win32.ActiveCfg = Debug|Win32
		{C8CB8921-29D3-4192-9242-9931CE86F68E}.Debug|Win32.Build.0 = Debug|Win32
		{C8CB8921-29D3-4192-9242-9931CE86F68E}.DLL Debug|Win32.ActiveCfg = Debug|Win32
		{C8CB8921-29D3-4192-9242-9931CE86F68E}.DLL Debug|Win32.Build.0 = Debug|Win32
		{C8CB8921-29D3-4192-9242-9931CE86F68E}.DLL Release|Win32.ActiveCfg = Release|Win32
		{C8CB8921-29D3-4192-9242-9931CE86F68E}.DLL Release|Win32.Build.0 = Release|Win32
		{C8CB8921-29D3-4192-9242-9931CE86F68E}.DLL Unicode Debug|Win32.ActiveCfg = Debug|Win32
		{C8CB8921-29D3-4192-9242-9931CE86F68E}.DLL Unicode Debug|Win32.Build.0 = Debug|Win32
		{C8CB8921-29D3-4192-9242-9931CE86F68E}.DLL Unicode Release|Win32.ActiveCfg = Release|Win32
		{C8CB8921-29D3-4192-9242-9931CE86F68E}.DLL Unicode Release|Win32.Build.0 = Release|Win32
		{C8CB8921-29D3-4192-9242-9931CE86F68E}.DLL Universal Debug|Win32.ActiveCfg = Debug|Win32
		{C8CB8921-29D3-4192-9242-9931CE86F68E}.DLL Universal Debug|Win32.Build.0 = Debug|Win32
		{C8CB8921-29D3-4192-9242-9931CE86F68E}.DLL Universal Release|Win32.ActiveCfg = Release|Win32
		{C8CB8921-29D3-4192-9242-9931CE86F68E}.DLL Universal Release|Win32.Build.0 = Release|Win32
		{C8CB8921-29D3-4192-9242-9931CE86F68E}.DLL Universal Unicode Debug|Win32.ActiveCfg = Debug|Win32
		{C8CB8921-29D3-4192-9242-9931CE86F68E}.DLL Universal Unicode Debug|Win32.Build.0 = Debug|Win32
		{C8CB8921-29D3-4192-9242-9931CE86F68E}.DLL Universal Unicode Release|Win32.ActiveCfg = Release|Win32
		{C8CB8921-29D3-4192-9242-9931CE86F68E}.DLL Universal Unicode Release|Win32.Build.0 = Release|Win32
		{C8CB8921-29D3-4192-9242-9931CE86F68E}.Release|Win32.ActiveCfg = Release|Win32
		{C8CB8921-29D3-4192-9242-9931CE86F68E}.Release|Win32.Build.0 = Release|Win32
		{C8CB8921-29D3-4192-9242-9931CE86F68E}.Unicode Debug|Win32.ActiveCfg = Debug|Win32
		{C8CB8921-29D3-4192-9242-9931CE86F68E}.Unicode Debug|Win32.Build.0 = Debug|Win32
		{C8CB8921-29D3-4192-9242-9931CE86F68E}.Unicode Release|Win32.ActiveCfg = Release|Win32
		{C8CB8921-29D3-4192-9242-9931CE86F68E}.Unicode Release|Win32.Build.0 = Release|Win32
		{C8CB8921-29D3-4192-9242-9931CE86F68E}.Universal Debug|Win32.ActiveCfg = Debug|Win32
		{C8CB8921-29D3-4192-9242-9931CE86F68E}.Universal Debug|Win32.Build.0 = Debug|Win32
		{C8CB8921-29D3-4192-9242-9931CE86F68E}.Universal Release|Win32.ActiveCfg = Release|Win32
		{C8CB8921-29D3-4192-9242-9931CE86F68E}.Universal Release|Win32.Build.0 = Release|Win32
		{C8CB8921-29D3-4192-9242-9931CE86F68E}.Universal Unicode Debug|Win32.ActiveCfg = Debug|Win32
		{C8CB8921-29D3-4192-9242-9931CE86F68E}.Universal Unicode Debug|Win32.Build.0 = Debug|Win32
		{C8CB8921-29D3-4192-9242-9931CE86F68E}.Universal Unicode Release|Win32.ActiveCfg = Release|Win32
		{C8CB8921-29D3-4192-9242-9931CE86F68E}.Universal Unicode Release|Win32.Build.0 = Release|Win32
		{130CC431-5239-445E-AB84-942153A5262D}.Debug|Win32.ActiveCfg = Debug|Win32
		{130CC431-5239-445E-AB84-942153A5262D}.Debug|Win32.Build.0 = Debug|Win32
		{130CC431-5239-445E-AB84-942153A5262D}.DLL Debug|Win32.ActiveCfg = Debug|Win32
		{130CC431-5239-445E-AB84-942153A5262D}.DLL Debug|Win32.Build.0 = Debug|Win32
		{130CC431-5239-445E-AB84-942153A5262D}.DLL Release|Win32.ActiveCfg = Release|Win32
		{130CC431-5239-445E-AB84-942153A5262D}.DLL Release|Win32.Build.0 = Release|Win32
		{130CC431-5239-445E-AB84-942153A5262D}.DLL Unicode Debug|Win32.ActiveCfg = Debug|Win32
		{130CC431-5239-445E-AB84-942153A5262D}.DLL Unicode Debug|Win32.Build.0 = Debug|Win32
		{130CC431-5239-445E-AB84-942153A5262D}.DLL Unicode Release|Win32.ActiveCfg = Release|Win32
		{130CC431-5239-445E-AB84-942153A5262D}.DLL Unicode Release|Win32.Build.0 = Release|Win32
		{130CC431-5239-445E-AB84-942153A5262D}.DLL Universal Debug|Win32.ActiveCfg = Debug|Win32
		{130CC431-5239-445E-AB84-942153A5262D}.DLL Universal Debug|Win32.Build.0 = Debug|Win32
		{130CC431-5239-445E-AB84-942153A5262D}.DLL Universal Release|Win32.ActiveCfg = Release|Win32
		{130CC431-5239-445E-AB84-942153A5262D}.DLL Universal Release|Win32.Build.0 = Release|Win32
		{130CC431-5239-445E-AB84-942153A5262D}.DLL Universal Unicode Debug|Win32.ActiveCfg = Debug|Win32
		{130CC431-5239-445E-AB84-942153A5262D}.DLL Universal Unicode Debug|Win32.Build.0 = Debug|Win32
		{130CC431-5239-445E-AB84-942153A5262D}.DLL Universal Unicode Release|Win32.ActiveCfg = Release|Win32
		{130CC431-5239-445E-AB84-942153A5262D}.DLL Universal Unicode Release|Win32.Build.0 = Release|Win32
		{130CC431-5239-445E-AB84-942153A5262D}.Release|Win32.ActiveCfg = Release|Win32
		{130CC431-5239-445E-AB84-942153A5262D}.Release|Win32.Build.0 = Release|Win32
		{130CC431-5239-445E-AB84-942153A5262D}.Unicode Debug|Win32.ActiveCfg = Debug|Win32
		{130CC431-5239-445E-AB84-942153A5262D}.Unicode Debug|Win32.Build.0 = Debug|Win32
		{130CC431-5239-445E-AB84-942153A5262D}.Unicode Release|Win32.ActiveCfg = Release|Win32
		{130CC431-5239-445E-AB84-942153A5262D}.Unicode Release|Win32.Build.0 = Release|Win32
		{130CC431-5239-445E-AB84-942153A5262D}.Universal Debug|Win32.ActiveCfg = Debug|Win32
		{130CC431-5239-445E-AB84-942153A5262D}.Universal Debug|Win32.Build.0 = Debug|Win32
		{130CC431-5239-445E-AB84-942153A5262D}.Universal Release|Win32.ActiveCfg = Release|Win32
		{130CC431-5239-445E-AB84-942153A5262D}.Universal Release|Win32.Build.0 = Release|Win32
		{130CC431-5239-445E-AB84-942153A5262D}.Universal Unicode Debug|Win32.ActiveCfg = Debug|Win32
		{130CC431-5239-445E-AB84-942153A5262D}.Universal Unicode Debug|Win32.Build.0 = Debug|Win32
		{130CC431-5239-445E-AB84-942153A5262D}.Universal Unicode Release|Win32.ActiveCfg = Release|Win32
		{130CC431-5239-445E-AB84-942153A5262D}.Universal Unicode Release|Win32.Build.0 = Release|Win32
		{52496ADB-E7DD-4518-9BDF-BE8D5D7AC316}.Debug|Win32.ActiveCfg = Debug|Win32
		{52496ADB-E7DD-4518-9BDF-BE8D5D7AC316}.Debug|Win32.Build.0 = Debug|Win32
		{52496ADB-E7DD-4518-9BDF-BE8D5D7AC316}.DLL Debug|Win32.ActiveCfg = Debug|Win32
		{52496ADB-E7DD-4518-9BDF-BE8D5D7AC316}.DLL Debug|Win32.Build.0 = Debug|Win32
		{52496ADB-E7DD-4518-9BDF-BE8D5D7AC316}.DLL Release|Win32.ActiveCfg = Release|Win32
		{52496ADB-E7DD-4518-9BDF-BE8D5D7AC316}.DLL Release|Win32.Build.0 = Release|Win32
		{52496ADB-E7DD-4518-9BDF-BE8D5D7AC316}.DLL Unicode Debug|Win32.ActiveCfg = Debug|Win32
		{52496ADB-E7DD-4518-9BDF-BE8D5D7AC316}.DLL Unicode Debug|Win32.Build.0 = Debug|Win32
		{52496ADB-E7DD-4518-9BDF-BE8D5D7AC316}.DLL Unicode Release|Win32.ActiveCfg = Release|Win32
		{52496ADB-E7DD-4518-9BDF-BE8D5D7AC316}.DLL Unicode Release|Win32.Build.0 = Release|Win32
		{52496ADB-E7DD-4518-9BDF-BE8D5D7AC316}.DLL Universal Debug|Win32.ActiveCfg = Debug|Win32
		{52496ADB-E7DD-4518-9BDF-BE8D5D7AC316}.DLL Universal Debug|Win32.Build.0 = Debug|Win32
		{52496ADB-E7DD-4518-9BDF-BE8D5D7AC316}.DLL Universal Release|Win32.ActiveCfg = Release|Win32
		{52496ADB-E7DD-4518-9BDF-BE8D5D7AC316}.DLL Universal Release|Win32.Build.0 = Release|Win32
		{52496ADB-E7DD-4518-9BDF-BE8D5D7AC316}.DLL Universal Unicode Debug|Win32.ActiveCfg = Debug|Win32
		{52496ADB-E7DD-4518-9BDF-BE8D5D7AC316}.DLL Universal Unicode Debug|Win32.Build.0 = Debug|Win32
		{52496ADB-E7DD-4518-9BDF-BE8D5D7AC316}.DLL Universal Unicode Release|Win32.ActiveCfg = Release|Win32
		{52496ADB-E7DD-4518-9BDF-BE8D5D7AC316}.DLL Universal Unicode Release|Win32.Build.0 = Release|Win32
		{52496ADB-E7DD-4518-9BDF-BE8D5D7AC316}.Release|Win32.ActiveCfg = Release|Win32
		{52496ADB-E7DD-4518-9BDF-BE8D5D7AC316}.Release|Win32.Build.0 = Release|Win32
		{52496ADB-E7DD-4518-9BDF-BE8D5D7AC316}.Unicode Debug|Win32.ActiveCfg = Debug|Win32
		{52496ADB-E7DD-4518-9BDF-BE8D5D7AC316}.Unicode Debug|Win32.Build.0 = Debug|Win32
		{52496ADB-E7DD-4518-9BDF-BE8D5D7AC316}.Unicode Release|Win32.ActiveCfg = Release|Win32
		{52496ADB-E7DD-4518-9BDF-BE8D5D7AC316}.Unicode Release|Win32.Build.0 = Release|Win32
		{52496ADB-E7DD-4518-9BDF-BE8D5D7AC316}.Universal Debug|Win32.ActiveCfg = Debug|Win32
		{52496ADB-E7DD-4518-9BDF-BE8D5D7AC316}.Universal Debug|Win32.Build.0 = Debug|Win32
		{52496ADB-E7DD-4518-9BDF-BE8D5D7AC316}.Universal Release|Win32.ActiveCfg = Release|Win32
		{52496ADB-E7DD-4518-9BDF-BE8D5D7AC316}.Universal Release|Win32.Build.0 = Release|Win32
		{52496ADB-E7DD-4518-9BDF-BE8D5D7AC316}.Universal Unicode Debug|Win32.ActiveCfg = Debug|Win32
		{52496ADB-E7DD-4518-9BDF-BE8D5D7AC316}.Universal Unicode Debug|Win32.Build.0 = Debug|Win32
		{52496ADB-E7DD-4518-9BDF-BE8D5D7AC316}.Universal Unicode Release|Win32.ActiveCfg = Release|Win32
		{52496ADB-E7DD-4518-9BDF-BE8D5D7AC316}.Universal Unicode Release|Win32.Build.0 = Release|Win32
		{FCF6D538-EE93-4EA4-B895-B54FB966A5EA}.Debug|Win32.ActiveCfg = Debug|Win32
		{FCF6D538-EE93-4EA4-B895-B54FB966A5EA}.Debug|Win32.Build.0 = Debug|Win32
		{FCF6D538-EE93-4EA4-B895-B54FB966A5EA}.DLL Debug|Win32.ActiveCfg = Debug|Win32
		{FCF6D538-EE93-4EA4-B895-B54FB966A5EA}.DLL Debug|Win32.Build.0 = Debug|Win32
		{FCF6D538-EE93-4EA4-B895-B54FB966A5EA}.DLL Release|Win32.ActiveCfg = Release|Win32
		{FCF6D538-EE93-4EA4-B895-B54FB966A5EA}.DLL Release|Win32.Build.0 = Release|Win32
		{FCF6D538-EE93-4EA4-B895-B54FB966A5EA}.DLL Unicode Debug|Win32.ActiveCfg = Debug|Win32
		{FCF6D538-EE93-4EA4-B895-B54FB966A5EA}.DLL Unicode Debug|Win32.Build.0 = Debug|Win32
		{FCF6D538-EE93-4EA4-B895-B54FB966A5EA}.DLL Unicode Release|Win32.ActiveCfg = Release|Win32
		{FCF6D538-EE93-4EA4-B895-B54FB966A5EA}.DLL Unicode Release|Win32.Build.0 = Release|Win32
		{FCF6D538-EE93-4EA4-B895-B54FB966A5EA}.DLL Universal Debug|Win32.ActiveCfg = Debug|Win32
		{FCF6D538-EE93-4EA4-B895-B54FB966A5EA}.DLL Universal Debug|Win32.Build.0 = Debug|Win32
		{FCF6D538-EE93-4EA4-B895-B54FB966A5EA}.DLL Universal Release|Win32.ActiveCfg = Release|Win32
		{FCF6D538-EE93-4EA4-B895-B54FB966A5EA}.DLL Universal Release|Win32.Build.0 = Release|Win32
		{FCF6D538-EE93-4EA4-B895-B54FB966A5EA}.DLL Universal Unicode Debug|Win32.ActiveCfg = Debug|Win32
		{FCF6D538-EE93-4EA4-B895-B54FB966A5EA}.DLL Universal Unicode Debug|Win32.Build.0 = Debug|Win32
		{FCF6D538-EE93-4EA4-B895-B54FB966A5EA}.DLL Universal Unicode Release|Win32.ActiveCfg = Release|Win32
		{FCF6D538-EE93-4EA4-B895-B54FB966A5EA}.DLL Universal Unicode Release|Win32.Build.0 = Release|Win32
		{FCF6D538-EE93-4EA4-B895-B54FB966A5EA}.Release|Win32.ActiveCfg = Release|Win32
		{FCF6D538-EE93-4EA4-B895-B54FB966A5EA}.Release|Win32.Build.0 = Release|Win32
		{FCF6D538-EE93-4EA4-B895-B54FB966A5EA}.Unicode Debug|Win32.ActiveCfg = Debug|Win32
		{FCF6D538-EE93-4EA4-B895-B54FB966A5EA}.Unicode Debug|Win32.Build.0 = Debug|Win32
		{FCF6D538-EE93-4EA4-B895-B54FB966A5EA}.Unicode Release|Win32.ActiveCfg = Release|Win32
		{FCF6D538-EE93-4EA4-B895-B54FB966A5EA}.Unicode Release|Win32.Build.0 = Release|Win32
		{FCF6D538-EE93-4EA4-B895-B54FB966A5EA}.Universal Debug|Win32.ActiveCfg = Debug|Win32
		{FCF6D538-EE93-4EA4-B895-B54FB966A5EA}.Universal Debug|Win32.Build.0 = Debug|Win32
		{FCF6D538-EE93-4EA4-B895-B54FB966A5EA}.Universal Release|Win32.ActiveCfg = Release|Win32
		{FCF6D538-EE93-4EA4-B895-B54FB966A5EA}.Universal Release|Win32.Build.0 = Release|Win32
		{FCF6D538-EE93-4EA4-B895-B54FB966A5EA}.Universal Unicode Debug|Win32.ActiveCfg = Debug|Win32
		{FCF6D538-EE93-4EA4-B895-B54FB966A5EA}.Universal Unicode Debug|Win32.Build.0 = Debug|Win32
		{FCF6D538-EE93-4EA4-B895-B54FB966A5EA}.Universal Unicode Release|Win32.ActiveCfg = Release|Win32
		{FCF6D538-EE93-4EA4-B895-B54FB966A5EA}.Universal Unicode Release|Win32.Build.0 = Release|Win32
		{938C1BE6-F759-44BB-85C2-60FC413D5AD2}.Debug|Win32.ActiveCfg = Debug|Win32
		{938C1BE6-F759-44BB-85C2-60FC413D5AD2}.Debug|Win32.Build.0 = Debug|Win32
		{938C1BE6-F759-44BB-85C2-60FC413D5AD2}.DLL Debug|Win32.ActiveCfg = Debug|Win32
		{938C1BE6-F759-44BB-85C2-60FC413D5AD2}.DLL Debug|Win32.Build.0 = Debug|Win32
		{938C1BE6-F759-44BB-85C2-60FC413D5AD2}.DLL Release|Win32.ActiveCfg = Release|Win32
		{938C1BE6-F759-44BB-85C2-60FC413D5AD2}.DLL Release|Win32.Build.0 = Release|Win32
		{938C1BE6-F759-44BB-85C2-60FC413D5AD2}.DLL Unicode Debug|Win32.ActiveCfg = Debug|Win32
		{938C1BE6-F759-44BB-85C2-60FC413D5AD2}.DLL Unicode Debug|Win32.Build.0 = Debug|Win32
		{938C1BE6-F759-44BB-85C2-60FC413D5AD2}.DLL Unicode Release|Win32.ActiveCfg = Release|Win32
		{938C1BE6-F759-44BB-85C2-60FC413D5AD2}.DLL Unicode Release|Win32.Build.0 = Release|Win32
		{938C1BE6-F759-44BB-85C2-60FC413D5AD2}.DLL Universal Debug|Win32.ActiveCfg = Debug|Win32
		{938C1BE6-F759-44BB-85C2-60FC413D5AD2}.DLL Universal Debug|Win32.Build.0 = Debug|Win32
		{938C1BE6-F759-44BB-85C2-60FC413D5AD2}.DLL Universal Release|Win32.ActiveCfg = Release|Win32
		{938C1BE6-F759-44BB-85C2-60FC413D5AD2}.DLL Universal Release|Win32.Build.0 = Release|Win32
		{938C1BE6-F759-44BB-85C2-60FC413D5AD2}.DLL Universal Unicode Debug|Win32.ActiveCfg = Debug|Win32
		{938C1BE6-F759-44BB-85C2-60FC413D5AD2}.DLL Universal Unicode Debug|Win32.Build.0 = Debug|Win32
		{938C1BE6-F759-44BB-85C2-60FC413D5AD2}.DLL Universal Unicode Release|Win32.ActiveCfg = Release|Win32
		{938C1BE6-F759-44BB-85C2-60FC413D5AD2}.DLL Universal Unicode Release|Win32.Build.0 = Release|Win32
		{938C1BE6-F759-44BB-85C2-60FC413D5AD2}.Release|Win32.ActiveCfg = Release|Win32
		{938C1BE6-F759-44BB-85C2-60FC413D5AD2}.Release|Win32.Build.0 = Release|Win32
		{938C1BE6-F759-44BB-85C2-60FC413D5AD2}.Unicode Debug|Win32.ActiveCfg = Debug|Win32
		{938C1BE6-F759-44BB-85C2-60FC413D5AD2}.Unicode Debug|Win32.Build.0 = Debug|Win32
		{938C1BE6-F759-44BB-85C2-60FC413D5AD2}.Unicode Release|Win32.ActiveCfg = Release|Win32
		{938C1BE6-F759-44BB-85C2-60FC413D5AD2}.Unicode Release|Win32.Build.0 = Release|Win32
		{938C1BE6-F759-44BB-85C2-60FC413D5AD2}.Universal Debug|Win32.ActiveCfg = Debug|Win32
		{938C1BE6-F759-44BB-85C2-60FC413D5AD2}.Universal Debug|Win32.Build.0 = Debug|Win32
		{938C1BE6-F759-44BB-85C2-60FC413D5AD2}.Universal Release|Win32.ActiveCfg = Release|Win32
		{938C1BE6-F759-44BB-85C2-60FC413D5AD2}.Universal Release|Win32.Build.0 = Release|Win32
		{938C1BE6-F759-44BB-85C2-60FC413D5AD2}.Universal Unicode Debug|Win32.ActiveCfg = Debug|Win32
		{938C1BE6-F759-44BB-85C2-60FC413D5AD2}.Universal Unicode Debug|Win32.Build.0 = Debug|Win32
		{938C1BE6-F759-44BB-85C2-60FC413D5AD2}.Universal Unicode Release|Win32.ActiveCfg = Release|Win32
		{938C1BE6-F759-44BB-85C2-60FC413D5AD2}.Universal Unicode Release|Win32.Build.0 = Release|Win32
		{16326F94-522C-4C2A-9FCE-56828AF23C8B}.Debug|Win32.ActiveCfg = Debug|Win32
		{16326F94-522C-4C2A-9FCE-56828AF23C8B}.Debug|Win32.Build.0 = Debug|Win32
		{16326F94-522C-4C2A-9FCE-56828AF23C8B}.DLL Debug|Win32.ActiveCfg = Debug|Win32
		{16326F94-522C-4C2A-9FCE-56828AF23C8B}.DLL Debug|Win32.Build.0 = Debug|Win32
		{16326F94-522C-4C2A-9FCE-56828AF23C8B}.DLL Release|Win32.ActiveCfg = Release|Win32
		{16326F94-522C-4C2A-9FCE-56828AF23C8B}.DLL Release|Win32.Build.0 = Release|Win32
		{16326F94-522C-4C2A-9FCE-56828AF23C8B}.DLL Unicode Debug|Win32.ActiveCfg = Debug|Win32
		{16326F94-522C-4C2A-9FCE-56828AF23C8B}.DLL Unicode Debug|Win32.Build.0 = Debug|Win32
		{16326F94-522C-4C2A-9FCE-56828AF23C8B}.DLL Unicode Release|Win32.ActiveCfg = Release|Win32
		{16326F94-522C-4C2A-9FCE-56828AF23C8B}.DLL Unicode Release|Win32.Build.0 = Release|Win32
		{16326F94-522C-4C2A-9FCE-56828AF23C8B}.DLL Universal Debug|Win32.ActiveCfg = Debug|Win32
		{16326F94-522C-4C2A-9FCE-56828AF23C8B}.DLL Universal Debug|Win32.Build.0 = Debug|Win32
		{16326F94-522C-4C2A-9FCE-56828AF23C8B}.DLL Universal Release|Win32.ActiveCfg = Release|Win32
		{16326F94-522C-4C2A-9FCE-56828AF23C8B}.DLL Universal Release|Win32.Build.0 = Release|Win32
		{16326F94-522C-4C2A-9FCE-56828AF23C8B}.DLL Universal Unicode Debug|Win32.ActiveCfg = Debug|Win32
		{16326F94-522C-4C2A-9FCE-56828AF23C8B}.DLL Universal Unicode Debug|Win32.Build.0 = Debug|Win32
		{16326F94-522C-4C2A-9FCE-56828AF23C8B}.DLL Universal Unicode Release|Win32.ActiveCfg = Release|Win32
		{16326F94-522C-4C2A-9FCE-56828AF23C8B}.DLL Universal Unicode Release|Win32.Build.0 = Release|Win32
		{16326F94-522C-4C2A-9FCE-56828AF23C8B}.Release|Win32.ActiveCfg = Release|Win32
		{16326F94-522C-4C2A-9FCE-56828AF23C8B}.Release|Win32.Build.0 = Release|Win32
		{16326F94-522C-4C2A-9FCE-56828AF23C8B}.Unicode Debug|Win32.ActiveCfg = Debug|Win32
		{16326F94-522C-4C2A-9FCE-56828AF23C8B}.Unicode Debug|Win32.Build.0 = Debug|Win32
		{16326F94-522C-4C2A-9FCE-56828AF23C8B}.Unicode Release|Win32.ActiveCfg = Release|Win32
		{16326F94-522C-4C2A-9FCE-56828AF23C8B}.Unicode Release|Win32.Build.0 = Release|Win32
		{16326F94-522C-4C2A-9FCE-56828AF23C8B}.Universal Debug|Win32.ActiveCfg = Debug|Win32
		{16326F94-522C-4C2A-9FCE-56828AF23C8B}.Universal Debug|Win32.Build.0 = Debug|Win32
		{16326F94-522C-4C2A-9FCE-56828AF23C8B}.Universal Release|Win32.ActiveCfg = Release|Win32
		{16326F94-522C-4C2A-9FCE-56828AF23C8B}.Universal Release|Win32.Build.0 = Release|Win32
		{16326F94-522C-4C2A-9FCE-56828AF23C8B}.Universal Unicode Debug|Win32.ActiveCfg = Debug|Win32
		{16326F94-522C-4C2A-9FCE-56828AF23C8B}.Universal Unicode Debug|Win32.Build.0 = Debug|Win32
		{16326F94-522C-4C2A-9FCE-56828AF23C8B}.Universal Unicode Release|Win32.ActiveCfg = Release|Win32
		{16326F94-522C-4C2A-9FCE-56828AF23C8B}.Universal Unicode Release|Win32.Build.0 = Release|Win32
		{45AFC99C-232B-45F6-B0D8-6697D4306366}.Debug|Win32.ActiveCfg = Debug|Win32
		{45AFC99C-232B-45F6-B0D8-6697D4306366}.Debug|Win32.Build.0 = Debug|Win32
		{45AFC99C-232B-45F6-B0D8-6697D4306366}.DLL Debug|Win32.ActiveCfg = Debug|Win32
		{45AFC99C-232B-45F6-B0D8-6697D4306366}.DLL Debug|Win32.Build.0 = Debug|Win32
		{45AFC99C-232B-45F6-B0D8-6697D4306366}.DLL Release|Win32.ActiveCfg = Release|Win32
		{45AFC99C-232B-45F6-B0D8-6697D4306366}.DLL Release|Win32.Build.0 = Release|Win32
		{45AFC99C-232B-45F6-B0D8-6697D4306366}.DLL Unicode Debug|Win32.ActiveCfg = Debug|Win32
		{45AFC99C-232B-45F6-B0D8-6697D4306366}.DLL Unicode Debug|Win32.Build.0 = Debug|Win32
		{45AFC99C-232B-45F6-B0D8-6697D4306366}.DLL Unicode Release|Win32.ActiveCfg = Release|Win32
		{45AFC99C-232B-45F6-B0D8-6697D4306366}.DLL Unicode Release|Win32.Build.0 = Release|Win32
		{45AFC99C-232B-45F6-B0D8-6697D4306366}.DLL Universal Debug|Win32.ActiveCfg = Debug|Win32
		{45AFC99C-232B-45F6-B0D8-6697D4306366}.DLL Universal Debug|Win32.Build.0 = Debug|Win32
		{45AFC99C-232B-45F6-B0D8-6697D4306366}.DLL Universal Release|Win32.ActiveCfg = Release|Win32
		{45AFC99C-232B-45F6-B0D8-6697D4306366}.DLL Universal Release|Win32.Build.0 = Release|Win32
		{45AFC99C-232B-45F6-B0D8-6697D4306366}.DLL Universal Unicode Debug|Win32.ActiveCfg = Debug|Win32
		{45AFC99C-232B-45F6-B0D8-6697D4306366}.DLL Universal Unicode Debug|Win32.Build.0 = Debug|Win32
		{45AFC99C-232B-45F6-B0D8-6697D4306366}.DLL Universal Unicode Release|Win32.ActiveCfg = Release|Win32
		{45AFC99C-232B-45F6-B0D8-6697D4306366}.DLL Universal Unicode Release|Win32.Build.0 = Release|Win32
		{45AFC99C-232B-45F6-B0D8-6697D4306366}.Release|Win32.ActiveCfg = Release|Win32
		{45AFC99C-232B-45F6-B0D8-6697D4306366}.Release|Win32.Build.0 = Release|Win32
		{45AFC99C-232B-45F6-B0D8-6697D4306366}.Unicode Debug|Win32.ActiveCfg = Debug|Win32
		{45AFC99C-232B-45F6-B0D8-6697D4306366}.Unicode Debug|Win32.Build.0 = Debug|Win32
		{45AFC99C-232B-45F6-B0D8-6697D4306366}.Unicode Release|Win32.ActiveCfg = Release|Win32
		{45AFC99C-232B-45F6-B0D8-6697D4306366}.Unicode Release|Win32.Build.0 = Release|Win32
		{45AFC99C-232B-45F6-B0D8-6697D4306366}.Universal Debug|Win32.ActiveCfg = Debug|Win32
		{45AFC99C-232B-45F6-B0D8-6697D4306366}.Universal Debug|Win32.Build.0 = Debug|Win32
		{45AFC99C-232B-45F6-B0D8-6697D4306366}.Universal Release|Win32.ActiveCfg = Release|Win32
		{45AFC99C-232B-45F6-B0D8-6697D4306366}.Universal Release|Win32.Build.0 = Release|Win32
		{45AFC99C-232B-45F6-B0D8-6697D4306366}.Universal Unicode Debug|Win32.ActiveCfg = Debug|Win32
		{45AFC99C-232B-45F6-B0D8-6697D4306366}.Universal Unicode Debug|Win32.Build.0 = Debug|Win32
		{45AFC99C-232B-45F6-B0D8-6697D4306366}.Universal Unicode Release|Win32.ActiveCfg = Release|Win32
		{45AFC99C-232B-45F6-B0D8-6697D4306366}.Universal Unicode Release|Win32.Build.0 = Release|Win32
	EndGlobalSection
	GlobalSection(SolutionProperties) = preSolution
		HideSolutionNode = FALSE
	EndGlobalSection
EndGlobal
