Microsoft Visual Studio Solution File, Format Version 12.00
# Visual Studio Express 2013 for Windows Desktop
Project("{8BC9CEB8-8B4A-11D0-8D11-00A0C91BC942}") = "ALL_BUILD", "ALL_BUILD.vcxproj", "{4035B0A2-0ECA-4ACA-B753-428C24EC5FDA}"
	ProjectSection(ProjectDependencies) = postProject
		{A98F1FBF-786D-4477-9327-1263AD6432A0} = {A98F1FBF-786D-4477-9327-1263AD6432A0}
		{1FF739D8-F08F-46B2-9A70-C8718DCCC058} = {1FF739D8-F08F-46B2-9A70-C8718DCCC058}
		{9641F22F-8C00-4D9D-A905-7F43C74DB681} = {9641F22F-8C00-4D9D-A905-7F43C74DB681}
		{9A8B6CAE-4CD9-4216-8E34-D85A16FDA2DD} = {9A8B6CAE-4CD9-4216-8E34-D85A16FDA2DD}
		{9EED7891-2F88-4686-9703-F6BDD4E0F0BC} = {9EED7891-2F88-4686-9703-F6BDD4E0F0BC}
		{DBC905D3-D16A-42E3-A8E3-11F1D7892ABE} = {DBC905D3-D16A-42E3-A8E3-11F1D7892ABE}
		{3C9E1540-839C-46B4-9E31-542432C26A9D} = {3C9E1540-839C-46B4-9E31-542432C26A9D}
		{853AF324-FEA6-4B81-BA17-D084B27EC861} = {853AF324-FEA6-4B81-BA17-D084B27EC861}
		{D8A6DAFD-F944-4108-AF04-637598B795A2} = {D8A6DAFD-F944-4108-AF04-637598B795A2}
		{69A88922-FBC3-4D22-BB80-8B49C021F367} = {69A88922-FBC3-4D22-BB80-8B49C021F367}
		{80266E80-C6D2-4102-AB24-E2FD79B90DCA} = {80266E80-C6D2-4102-AB24-E2FD79B90DCA}
	EndProjectSection
EndProject
Project("{8BC9CEB8-8B4A-11D0-8D11-00A0C91BC942}") = "Half", "Half\Half.vcxproj", "{A98F1FBF-786D-4477-9327-1263AD6432A0}"
	ProjectSection(ProjectDependencies) = postProject
		{D8A6DAFD-F944-4108-AF04-637598B795A2} = {D8A6DAFD-F944-4108-AF04-637598B795A2}
		{69A88922-FBC3-4D22-BB80-8B49C021F367} = {69A88922-FBC3-4D22-BB80-8B49C021F367}
		{80266E80-C6D2-4102-AB24-E2FD79B90DCA} = {80266E80-C6D2-4102-AB24-E2FD79B90DCA}
	EndProjectSection
EndProject
Project("{8BC9CEB8-8B4A-11D0-8D11-00A0C91BC942}") = "HalfTest", "HalfTest\HalfTest.vcxproj", "{1FF739D8-F08F-46B2-9A70-C8718DCCC058}"
	ProjectSection(ProjectDependencies) = postProject
		{A98F1FBF-786D-4477-9327-1263AD6432A0} = {A98F1FBF-786D-4477-9327-1263AD6432A0}
		{D8A6DAFD-F944-4108-AF04-637598B795A2} = {D8A6DAFD-F944-4108-AF04-637598B795A2}
	EndProjectSection
EndProject
Project("{8BC9CEB8-8B4A-11D0-8D11-00A0C91BC942}") = "INSTALL", "INSTALL.vcxproj", "{5B6F496E-C640-4728-BE39-D3133FFCC410}"
	ProjectSection(ProjectDependencies) = postProject
		{4035B0A2-0ECA-4ACA-B753-428C24EC5FDA} = {4035B0A2-0ECA-4ACA-B753-428C24EC5FDA}
	EndProjectSection
EndProject
Project("{8BC9CEB8-8B4A-11D0-8D11-00A0C91BC942}") = "Iex", "Iex\Iex.vcxproj", "{9641F22F-8C00-4D9D-A905-7F43C74DB681}"
	ProjectSection(ProjectDependencies) = postProject
		{D8A6DAFD-F944-4108-AF04-637598B795A2} = {D8A6DAFD-F944-4108-AF04-637598B795A2}
	EndProjectSection
EndProject
Project("{8BC9CEB8-8B4A-11D0-8D11-00A0C91BC942}") = "IexMath", "IexMath\IexMath.vcxproj", "{9A8B6CAE-4CD9-4216-8E34-D85A16FDA2DD}"
	ProjectSection(ProjectDependencies) = postProject
		{9641F22F-8C00-4D9D-A905-7F43C74DB681} = {9641F22F-8C00-4D9D-A905-7F43C74DB681}
		{D8A6DAFD-F944-4108-AF04-637598B795A2} = {D8A6DAFD-F944-4108-AF04-637598B795A2}
	EndProjectSection
EndProject
Project("{8BC9CEB8-8B4A-11D0-8D11-00A0C91BC942}") = "IexTest", "IexTest\IexTest.vcxproj", "{9EED7891-2F88-4686-9703-F6BDD4E0F0BC}"
	ProjectSection(ProjectDependencies) = postProject
		{9641F22F-8C00-4D9D-A905-7F43C74DB681} = {9641F22F-8C00-4D9D-A905-7F43C74DB681}
		{D8A6DAFD-F944-4108-AF04-637598B795A2} = {D8A6DAFD-F944-4108-AF04-637598B795A2}
	EndProjectSection
EndProject
Project("{8BC9CEB8-8B4A-11D0-8D11-00A0C91BC942}") = "IlmThread", "IlmThread\IlmThread.vcxproj", "{DBC905D3-D16A-42E3-A8E3-11F1D7892ABE}"
	ProjectSection(ProjectDependencies) = postProject
		{9641F22F-8C00-4D9D-A905-7F43C74DB681} = {9641F22F-8C00-4D9D-A905-7F43C74DB681}
		{D8A6DAFD-F944-4108-AF04-637598B795A2} = {D8A6DAFD-F944-4108-AF04-637598B795A2}
	EndProjectSection
EndProject
Project("{8BC9CEB8-8B4A-11D0-8D11-00A0C91BC942}") = "Imath", "Imath\Imath.vcxproj", "{3C9E1540-839C-46B4-9E31-542432C26A9D}"
	ProjectSection(ProjectDependencies) = postProject
		{9641F22F-8C00-4D9D-A905-7F43C74DB681} = {9641F22F-8C00-4D9D-A905-7F43C74DB681}
		{D8A6DAFD-F944-4108-AF04-637598B795A2} = {D8A6DAFD-F944-4108-AF04-637598B795A2}
	EndProjectSection
EndProject
Project("{8BC9CEB8-8B4A-11D0-8D11-00A0C91BC942}") = "ImathTest", "ImathTest\ImathTest.vcxproj", "{853AF324-FEA6-4B81-BA17-D084B27EC861}"
	ProjectSection(ProjectDependencies) = postProject
		{9641F22F-8C00-4D9D-A905-7F43C74DB681} = {9641F22F-8C00-4D9D-A905-7F43C74DB681}
		{3C9E1540-839C-46B4-9E31-542432C26A9D} = {3C9E1540-839C-46B4-9E31-542432C26A9D}
		{D8A6DAFD-F944-4108-AF04-637598B795A2} = {D8A6DAFD-F944-4108-AF04-637598B795A2}
	EndProjectSection
EndProject
Project("{8BC9CEB8-8B4A-11D0-8D11-00A0C91BC942}") = "PACKAGE", "PACKAGE.vcxproj", "{15540746-555F-4E25-A353-DAD63D219E75}"
	ProjectSection(ProjectDependencies) = postProject
		{4035B0A2-0ECA-4ACA-B753-428C24EC5FDA} = {4035B0A2-0ECA-4ACA-B753-428C24EC5FDA}
	EndProjectSection
EndProject
Project("{8BC9CEB8-8B4A-11D0-8D11-00A0C91BC942}") = "RUN_TESTS", "RUN_TESTS.vcxproj", "{0E84A047-7388-4C5A-958D-A20E645B43ED}"
	ProjectSection(ProjectDependencies) = postProject
	EndProjectSection
EndProject
Project("{8BC9CEB8-8B4A-11D0-8D11-00A0C91BC942}") = "ZERO_CHECK", "ZERO_CHECK.vcxproj", "{D8A6DAFD-F944-4108-AF04-637598B795A2}"
	ProjectSection(ProjectDependencies) = postProject
	EndProjectSection
EndProject
Project("{8BC9CEB8-8B4A-11D0-8D11-00A0C91BC942}") = "eLut", "Half\eLut.vcxproj", "{69A88922-FBC3-4D22-BB80-8B49C021F367}"
	ProjectSection(ProjectDependencies) = postProject
		{D8A6DAFD-F944-4108-AF04-637598B795A2} = {D8A6DAFD-F944-4108-AF04-637598B795A2}
	EndProjectSection
EndProject
Project("{8BC9CEB8-8B4A-11D0-8D11-00A0C91BC942}") = "toFloat", "Half\toFloat.vcxproj", "{80266E80-C6D2-4102-AB24-E2FD79B90DCA}"
	ProjectSection(ProjectDependencies) = postProject
		{D8A6DAFD-F944-4108-AF04-637598B795A2} = {D8A6DAFD-F944-4108-AF04-637598B795A2}
	EndProjectSection
EndProject
Global
	GlobalSection(SolutionConfigurationPlatforms) = preSolution
		Debug|Win32 = Debug|Win32
		Release|Win32 = Release|Win32
		MinSizeRel|Win32 = MinSizeRel|Win32
		RelWithDebInfo|Win32 = RelWithDebInfo|Win32
	EndGlobalSection
	GlobalSection(ProjectConfigurationPlatforms) = postSolution
		{4035B0A2-0ECA-4ACA-B753-428C24EC5FDA}.Debug|Win32.ActiveCfg = Debug|Win32
		{4035B0A2-0ECA-4ACA-B753-428C24EC5FDA}.Debug|Win32.Build.0 = Debug|Win32
		{4035B0A2-0ECA-4ACA-B753-428C24EC5FDA}.Release|Win32.ActiveCfg = Release|Win32
		{4035B0A2-0ECA-4ACA-B753-428C24EC5FDA}.Release|Win32.Build.0 = Release|Win32
		{4035B0A2-0ECA-4ACA-B753-428C24EC5FDA}.MinSizeRel|Win32.ActiveCfg = MinSizeRel|Win32
		{4035B0A2-0ECA-4ACA-B753-428C24EC5FDA}.MinSizeRel|Win32.Build.0 = MinSizeRel|Win32
		{4035B0A2-0ECA-4ACA-B753-428C24EC5FDA}.RelWithDebInfo|Win32.ActiveCfg = RelWithDebInfo|Win32
		{4035B0A2-0ECA-4ACA-B753-428C24EC5FDA}.RelWithDebInfo|Win32.Build.0 = RelWithDebInfo|Win32
		{A98F1FBF-786D-4477-9327-1263AD6432A0}.Debug|Win32.ActiveCfg = Debug|Win32
		{A98F1FBF-786D-4477-9327-1263AD6432A0}.Debug|Win32.Build.0 = Debug|Win32
		{A98F1FBF-786D-4477-9327-1263AD6432A0}.Release|Win32.ActiveCfg = Release|Win32
		{A98F1FBF-786D-4477-9327-1263AD6432A0}.Release|Win32.Build.0 = Release|Win32
		{A98F1FBF-786D-4477-9327-1263AD6432A0}.MinSizeRel|Win32.ActiveCfg = MinSizeRel|Win32
		{A98F1FBF-786D-4477-9327-1263AD6432A0}.MinSizeRel|Win32.Build.0 = MinSizeRel|Win32
		{A98F1FBF-786D-4477-9327-1263AD6432A0}.RelWithDebInfo|Win32.ActiveCfg = RelWithDebInfo|Win32
		{A98F1FBF-786D-4477-9327-1263AD6432A0}.RelWithDebInfo|Win32.Build.0 = RelWithDebInfo|Win32
		{1FF739D8-F08F-46B2-9A70-C8718DCCC058}.Debug|Win32.ActiveCfg = Debug|Win32
		{1FF739D8-F08F-46B2-9A70-C8718DCCC058}.Debug|Win32.Build.0 = Debug|Win32
		{1FF739D8-F08F-46B2-9A70-C8718DCCC058}.Release|Win32.ActiveCfg = Release|Win32
		{1FF739D8-F08F-46B2-9A70-C8718DCCC058}.Release|Win32.Build.0 = Release|Win32
		{1FF739D8-F08F-46B2-9A70-C8718DCCC058}.MinSizeRel|Win32.ActiveCfg = MinSizeRel|Win32
		{1FF739D8-F08F-46B2-9A70-C8718DCCC058}.MinSizeRel|Win32.Build.0 = MinSizeRel|Win32
		{1FF739D8-F08F-46B2-9A70-C8718DCCC058}.RelWithDebInfo|Win32.ActiveCfg = RelWithDebInfo|Win32
		{1FF739D8-F08F-46B2-9A70-C8718DCCC058}.RelWithDebInfo|Win32.Build.0 = RelWithDebInfo|Win32
		{5B6F496E-C640-4728-BE39-D3133FFCC410}.Debug|Win32.ActiveCfg = Debug|Win32
		{5B6F496E-C640-4728-BE39-D3133FFCC410}.Release|Win32.ActiveCfg = Release|Win32
		{5B6F496E-C640-4728-BE39-D3133FFCC410}.MinSizeRel|Win32.ActiveCfg = MinSizeRel|Win32
		{5B6F496E-C640-4728-BE39-D3133FFCC410}.RelWithDebInfo|Win32.ActiveCfg = RelWithDebInfo|Win32
		{9641F22F-8C00-4D9D-A905-7F43C74DB681}.Debug|Win32.ActiveCfg = Debug|Win32
		{9641F22F-8C00-4D9D-A905-7F43C74DB681}.Debug|Win32.Build.0 = Debug|Win32
		{9641F22F-8C00-4D9D-A905-7F43C74DB681}.Release|Win32.ActiveCfg = Release|Win32
		{9641F22F-8C00-4D9D-A905-7F43C74DB681}.Release|Win32.Build.0 = Release|Win32
		{9641F22F-8C00-4D9D-A905-7F43C74DB681}.MinSizeRel|Win32.ActiveCfg = MinSizeRel|Win32
		{9641F22F-8C00-4D9D-A905-7F43C74DB681}.MinSizeRel|Win32.Build.0 = MinSizeRel|Win32
		{9641F22F-8C00-4D9D-A905-7F43C74DB681}.RelWithDebInfo|Win32.ActiveCfg = RelWithDebInfo|Win32
		{9641F22F-8C00-4D9D-A905-7F43C74DB681}.RelWithDebInfo|Win32.Build.0 = RelWithDebInfo|Win32
		{9A8B6CAE-4CD9-4216-8E34-D85A16FDA2DD}.Debug|Win32.ActiveCfg = Debug|Win32
		{9A8B6CAE-4CD9-4216-8E34-D85A16FDA2DD}.Debug|Win32.Build.0 = Debug|Win32
		{9A8B6CAE-4CD9-4216-8E34-D85A16FDA2DD}.Release|Win32.ActiveCfg = Release|Win32
		{9A8B6CAE-4CD9-4216-8E34-D85A16FDA2DD}.Release|Win32.Build.0 = Release|Win32
		{9A8B6CAE-4CD9-4216-8E34-D85A16FDA2DD}.MinSizeRel|Win32.ActiveCfg = MinSizeRel|Win32
		{9A8B6CAE-4CD9-4216-8E34-D85A16FDA2DD}.MinSizeRel|Win32.Build.0 = MinSizeRel|Win32
		{9A8B6CAE-4CD9-4216-8E34-D85A16FDA2DD}.RelWithDebInfo|Win32.ActiveCfg = RelWithDebInfo|Win32
		{9A8B6CAE-4CD9-4216-8E34-D85A16FDA2DD}.RelWithDebInfo|Win32.Build.0 = RelWithDebInfo|Win32
		{9EED7891-2F88-4686-9703-F6BDD4E0F0BC}.Debug|Win32.ActiveCfg = Debug|Win32
		{9EED7891-2F88-4686-9703-F6BDD4E0F0BC}.Debug|Win32.Build.0 = Debug|Win32
		{9EED7891-2F88-4686-9703-F6BDD4E0F0BC}.Release|Win32.ActiveCfg = Release|Win32
		{9EED7891-2F88-4686-9703-F6BDD4E0F0BC}.Release|Win32.Build.0 = Release|Win32
		{9EED7891-2F88-4686-9703-F6BDD4E0F0BC}.MinSizeRel|Win32.ActiveCfg = MinSizeRel|Win32
		{9EED7891-2F88-4686-9703-F6BDD4E0F0BC}.MinSizeRel|Win32.Build.0 = MinSizeRel|Win32
		{9EED7891-2F88-4686-9703-F6BDD4E0F0BC}.RelWithDebInfo|Win32.ActiveCfg = RelWithDebInfo|Win32
		{9EED7891-2F88-4686-9703-F6BDD4E0F0BC}.RelWithDebInfo|Win32.Build.0 = RelWithDebInfo|Win32
		{DBC905D3-D16A-42E3-A8E3-11F1D7892ABE}.Debug|Win32.ActiveCfg = Debug|Win32
		{DBC905D3-D16A-42E3-A8E3-11F1D7892ABE}.Debug|Win32.Build.0 = Debug|Win32
		{DBC905D3-D16A-42E3-A8E3-11F1D7892ABE}.Release|Win32.ActiveCfg = Release|Win32
		{DBC905D3-D16A-42E3-A8E3-11F1D7892ABE}.Release|Win32.Build.0 = Release|Win32
		{DBC905D3-D16A-42E3-A8E3-11F1D7892ABE}.MinSizeRel|Win32.ActiveCfg = MinSizeRel|Win32
		{DBC905D3-D16A-42E3-A8E3-11F1D7892ABE}.MinSizeRel|Win32.Build.0 = MinSizeRel|Win32
		{DBC905D3-D16A-42E3-A8E3-11F1D7892ABE}.RelWithDebInfo|Win32.ActiveCfg = RelWithDebInfo|Win32
		{DBC905D3-D16A-42E3-A8E3-11F1D7892ABE}.RelWithDebInfo|Win32.Build.0 = RelWithDebInfo|Win32
		{3C9E1540-839C-46B4-9E31-542432C26A9D}.Debug|Win32.ActiveCfg = Debug|Win32
		{3C9E1540-839C-46B4-9E31-542432C26A9D}.Debug|Win32.Build.0 = Debug|Win32
		{3C9E1540-839C-46B4-9E31-542432C26A9D}.Release|Win32.ActiveCfg = Release|Win32
		{3C9E1540-839C-46B4-9E31-542432C26A9D}.Release|Win32.Build.0 = Release|Win32
		{3C9E1540-839C-46B4-9E31-542432C26A9D}.MinSizeRel|Win32.ActiveCfg = MinSizeRel|Win32
		{3C9E1540-839C-46B4-9E31-542432C26A9D}.MinSizeRel|Win32.Build.0 = MinSizeRel|Win32
		{3C9E1540-839C-46B4-9E31-542432C26A9D}.RelWithDebInfo|Win32.ActiveCfg = RelWithDebInfo|Win32
		{3C9E1540-839C-46B4-9E31-542432C26A9D}.RelWithDebInfo|Win32.Build.0 = RelWithDebInfo|Win32
		{853AF324-FEA6-4B81-BA17-D084B27EC861}.Debug|Win32.ActiveCfg = Debug|Win32
		{853AF324-FEA6-4B81-BA17-D084B27EC861}.Debug|Win32.Build.0 = Debug|Win32
		{853AF324-FEA6-4B81-BA17-D084B27EC861}.Release|Win32.ActiveCfg = Release|Win32
		{853AF324-FEA6-4B81-BA17-D084B27EC861}.Release|Win32.Build.0 = Release|Win32
		{853AF324-FEA6-4B81-BA17-D084B27EC861}.MinSizeRel|Win32.ActiveCfg = MinSizeRel|Win32
		{853AF324-FEA6-4B81-BA17-D084B27EC861}.MinSizeRel|Win32.Build.0 = MinSizeRel|Win32
		{853AF324-FEA6-4B81-BA17-D084B27EC861}.RelWithDebInfo|Win32.ActiveCfg = RelWithDebInfo|Win32
		{853AF324-FEA6-4B81-BA17-D084B27EC861}.RelWithDebInfo|Win32.Build.0 = RelWithDebInfo|Win32
		{15540746-555F-4E25-A353-DAD63D219E75}.Debug|Win32.ActiveCfg = Debug|Win32
		{15540746-555F-4E25-A353-DAD63D219E75}.Release|Win32.ActiveCfg = Release|Win32
		{15540746-555F-4E25-A353-DAD63D219E75}.MinSizeRel|Win32.ActiveCfg = MinSizeRel|Win32
		{15540746-555F-4E25-A353-DAD63D219E75}.RelWithDebInfo|Win32.ActiveCfg = RelWithDebInfo|Win32
		{0E84A047-7388-4C5A-958D-A20E645B43ED}.Debug|Win32.ActiveCfg = Debug|Win32
		{0E84A047-7388-4C5A-958D-A20E645B43ED}.Release|Win32.ActiveCfg = Release|Win32
		{0E84A047-7388-4C5A-958D-A20E645B43ED}.MinSizeRel|Win32.ActiveCfg = MinSizeRel|Win32
		{0E84A047-7388-4C5A-958D-A20E645B43ED}.RelWithDebInfo|Win32.ActiveCfg = RelWithDebInfo|Win32
		{D8A6DAFD-F944-4108-AF04-637598B795A2}.Debug|Win32.ActiveCfg = Debug|Win32
		{D8A6DAFD-F944-4108-AF04-637598B795A2}.Debug|Win32.Build.0 = Debug|Win32
		{D8A6DAFD-F944-4108-AF04-637598B795A2}.Release|Win32.ActiveCfg = Release|Win32
		{D8A6DAFD-F944-4108-AF04-637598B795A2}.Release|Win32.Build.0 = Release|Win32
		{D8A6DAFD-F944-4108-AF04-637598B795A2}.MinSizeRel|Win32.ActiveCfg = MinSizeRel|Win32
		{D8A6DAFD-F944-4108-AF04-637598B795A2}.MinSizeRel|Win32.Build.0 = MinSizeRel|Win32
		{D8A6DAFD-F944-4108-AF04-637598B795A2}.RelWithDebInfo|Win32.ActiveCfg = RelWithDebInfo|Win32
		{D8A6DAFD-F944-4108-AF04-637598B795A2}.RelWithDebInfo|Win32.Build.0 = RelWithDebInfo|Win32
		{69A88922-FBC3-4D22-BB80-8B49C021F367}.Debug|Win32.ActiveCfg = Debug|Win32
		{69A88922-FBC3-4D22-BB80-8B49C021F367}.Debug|Win32.Build.0 = Debug|Win32
		{69A88922-FBC3-4D22-BB80-8B49C021F367}.Release|Win32.ActiveCfg = Release|Win32
		{69A88922-FBC3-4D22-BB80-8B49C021F367}.Release|Win32.Build.0 = Release|Win32
		{69A88922-FBC3-4D22-BB80-8B49C021F367}.MinSizeRel|Win32.ActiveCfg = MinSizeRel|Win32
		{69A88922-FBC3-4D22-BB80-8B49C021F367}.MinSizeRel|Win32.Build.0 = MinSizeRel|Win32
		{69A88922-FBC3-4D22-BB80-8B49C021F367}.RelWithDebInfo|Win32.ActiveCfg = RelWithDebInfo|Win32
		{69A88922-FBC3-4D22-BB80-8B49C021F367}.RelWithDebInfo|Win32.Build.0 = RelWithDebInfo|Win32
		{80266E80-C6D2-4102-AB24-E2FD79B90DCA}.Debug|Win32.ActiveCfg = Debug|Win32
		{80266E80-C6D2-4102-AB24-E2FD79B90DCA}.Debug|Win32.Build.0 = Debug|Win32
		{80266E80-C6D2-4102-AB24-E2FD79B90DCA}.Release|Win32.ActiveCfg = Release|Win32
		{80266E80-C6D2-4102-AB24-E2FD79B90DCA}.Release|Win32.Build.0 = Release|Win32
		{80266E80-C6D2-4102-AB24-E2FD79B90DCA}.MinSizeRel|Win32.ActiveCfg = MinSizeRel|Win32
		{80266E80-C6D2-4102-AB24-E2FD79B90DCA}.MinSizeRel|Win32.Build.0 = MinSizeRel|Win32
		{80266E80-C6D2-4102-AB24-E2FD79B90DCA}.RelWithDebInfo|Win32.ActiveCfg = RelWithDebInfo|Win32
		{80266E80-C6D2-4102-AB24-E2FD79B90DCA}.RelWithDebInfo|Win32.Build.0 = RelWithDebInfo|Win32
	EndGlobalSection
	GlobalSection(ExtensibilityGlobals) = postSolution
	EndGlobalSection
	GlobalSection(ExtensibilityAddIns) = postSolution
	EndGlobalSection
EndGlobal
